
Microsoft Visual Studio Solution File, Format Version 12.00
# Visual Studio Version 16
VisualStudioVersion = 16.0.31410.223
MinimumVisualStudioVersion = 10.0.40219.1
Project("{9A19103F-16F7-4668-BE54-9A1E7A4F7556}") = "GraduatedCylinder", "Source\GraduatedCylinder\GraduatedCylinder.csproj", "{A9E95711-7AD7-47B6-99DE-B8CC4E158DC7}"
EndProject
Project("{9A19103F-16F7-4668-BE54-9A1E7A4F7556}") = "GraduatedCylinder.Geo", "Source\GraduatedCylinder.Geo\GraduatedCylinder.Geo.csproj", "{E3B82A52-7EF4-4060-A2AE-E2CB92488A47}"
EndProject
Project("{9A19103F-16F7-4668-BE54-9A1E7A4F7556}") = "GraduatedCylinder.Tests", "Tests\GraduatedCylinder.Tests\GraduatedCylinder.Tests.csproj", "{441A1D04-15D7-4084-A89F-40844663CB45}"
EndProject
Project("{9A19103F-16F7-4668-BE54-9A1E7A4F7556}") = "GraduatedCylinder.Geo.Tests", "Tests\GraduatedCylinder.Geo.Tests\GraduatedCylinder.Geo.Tests.csproj", "{954B6AB1-7B91-442F-BBC8-99295F34D7AB}"
EndProject
Project("{9A19103F-16F7-4668-BE54-9A1E7A4F7556}") = "GraduatedCylinder.Json", "Source\GraduatedCylinder.Json\GraduatedCylinder.Json.csproj", "{077A9393-7717-4F21-B3B7-4BF9DBEC4B59}"
EndProject
Project("{9A19103F-16F7-4668-BE54-9A1E7A4F7556}") = "Nmea.Core0183", "Source\Nmea.Core0183\Nmea.Core0183.csproj", "{1585B425-7FFA-4BC0-ACBE-904D2D53CABA}"
EndProject
Project("{9A19103F-16F7-4668-BE54-9A1E7A4F7556}") = "Nmea.Core0183.Tests", "Tests\Nmea.Core0183.Tests\Nmea.Core0183.Tests.csproj", "{154BB750-90CB-477B-80D9-1B7326E8005A}"
EndProject
Project("{9A19103F-16F7-4668-BE54-9A1E7A4F7556}") = "Sample.GeoUsage", "Samples\Sample.GeoUsage\Sample.GeoUsage.csproj", "{D056F008-E117-4BF3-8967-FD115E516089}"
EndProject
Project("{9A19103F-16F7-4668-BE54-9A1E7A4F7556}") = "Sample.CoreUsage", "Samples\Sample.CoreUsage\Sample.CoreUsage.csproj", "{F4334E64-52C3-4C4B-B851-A330A15DF869}"
EndProject
Project("{9A19103F-16F7-4668-BE54-9A1E7A4F7556}") = "Sample.JsonUsage", "Samples\Sample.JsonUsage\Sample.JsonUsage.csproj", "{E3B2D373-A18D-4F25-A1B1-9FB2DAB9CCF9}"
EndProject
Project("{9A19103F-16F7-4668-BE54-9A1E7A4F7556}") = "GraduatedCylinder.Json.Tests", "Tests\GraduatedCylinder.Json.Tests\GraduatedCylinder.Json.Tests.csproj", "{017C9F8F-801C-4CED-BCF9-3F8B21FFFFF5}"
EndProject
Project("{9A19103F-16F7-4668-BE54-9A1E7A4F7556}") = "GraduatedCylinder.IoT", "Source\GraduatedCylinder.IoT\GraduatedCylinder.IoT.csproj", "{5E7B265B-C3E8-4310-A96E-1B166B2A219E}"
EndProject
Project("{9A19103F-16F7-4668-BE54-9A1E7A4F7556}") = "GraduatedCylinder.Roslyn", "Source\GraduatedCylinder.Roslyn\GraduatedCylinder.Roslyn.csproj", "{04CBCC3C-EE5F-470C-87F8-6257D17F3081}"
EndProject
Project("{9A19103F-16F7-4668-BE54-9A1E7A4F7556}") = "GraduatedCylinder.IoT.Json", "Source\GraduatedCylinder.IoT.Json\GraduatedCylinder.IoT.Json.csproj", "{C3D65F83-3351-4BC6-BB68-01651DEA7765}"
EndProject
Project("{9A19103F-16F7-4668-BE54-9A1E7A4F7556}") = "GraduatedCylinder.IoT.Text", "Source\GraduatedCylinder.IoT.Text\GraduatedCylinder.IoT.Text.csproj", "{2335E39E-4463-4CC4-83C3-B5E7EB6DDD3D}"
EndProject
Project("{9A19103F-16F7-4668-BE54-9A1E7A4F7556}") = "Sample.IoT", "Samples\Sample.IoT\Sample.IoT.csproj", "{D41894EB-FFA2-4400-B2FE-3078CE18429F}"
EndProject
Project("{9A19103F-16F7-4668-BE54-9A1E7A4F7556}") = "GraduatedCylinder.IoT.Tests", "Tests\GraduatedCylinder.IoT.Tests\GraduatedCylinder.IoT.Tests.csproj", "{78B4F9EA-7735-40B7-8F59-30FB872E3CB0}"
EndProject
Project("{2150E333-8FDC-42A3-9474-1A3956D46DE8}") = "Full", "Full", "{010A4ECC-1009-4673-BBC1-1567AD2D11DF}"
EndProject
Project("{2150E333-8FDC-42A3-9474-1A3956D46DE8}") = "IoT", "IoT", "{CE413499-D34E-4F51-A29B-1180C0A666D7}"
EndProject
Project("{2150E333-8FDC-42A3-9474-1A3956D46DE8}") = "Shared", "Shared", "{D945AA0B-2901-49E8-B61F-9FA054464A53}"
EndProject
Global
	GlobalSection(SolutionConfigurationPlatforms) = preSolution
		Debug|Any CPU = Debug|Any CPU
		Debug|ARM = Debug|ARM
		Debug|x64 = Debug|x64
		Debug|x86 = Debug|x86
		Release|Any CPU = Release|Any CPU
		Release|ARM = Release|ARM
		Release|x64 = Release|x64
		Release|x86 = Release|x86
	EndGlobalSection
	GlobalSection(ProjectConfigurationPlatforms) = postSolution
		{A9E95711-7AD7-47B6-99DE-B8CC4E158DC7}.Debug|Any CPU.ActiveCfg = Debug|Any CPU
		{A9E95711-7AD7-47B6-99DE-B8CC4E158DC7}.Debug|Any CPU.Build.0 = Debug|Any CPU
		{A9E95711-7AD7-47B6-99DE-B8CC4E158DC7}.Debug|ARM.ActiveCfg = Debug|Any CPU
		{A9E95711-7AD7-47B6-99DE-B8CC4E158DC7}.Debug|ARM.Build.0 = Debug|Any CPU
		{A9E95711-7AD7-47B6-99DE-B8CC4E158DC7}.Debug|x64.ActiveCfg = Debug|Any CPU
		{A9E95711-7AD7-47B6-99DE-B8CC4E158DC7}.Debug|x64.Build.0 = Debug|Any CPU
		{A9E95711-7AD7-47B6-99DE-B8CC4E158DC7}.Debug|x86.ActiveCfg = Debug|Any CPU
		{A9E95711-7AD7-47B6-99DE-B8CC4E158DC7}.Debug|x86.Build.0 = Debug|Any CPU
		{A9E95711-7AD7-47B6-99DE-B8CC4E158DC7}.Release|Any CPU.ActiveCfg = Release|Any CPU
		{A9E95711-7AD7-47B6-99DE-B8CC4E158DC7}.Release|Any CPU.Build.0 = Release|Any CPU
		{A9E95711-7AD7-47B6-99DE-B8CC4E158DC7}.Release|ARM.ActiveCfg = Release|Any CPU
		{A9E95711-7AD7-47B6-99DE-B8CC4E158DC7}.Release|ARM.Build.0 = Release|Any CPU
		{A9E95711-7AD7-47B6-99DE-B8CC4E158DC7}.Release|x64.ActiveCfg = Release|Any CPU
		{A9E95711-7AD7-47B6-99DE-B8CC4E158DC7}.Release|x64.Build.0 = Release|Any CPU
		{A9E95711-7AD7-47B6-99DE-B8CC4E158DC7}.Release|x86.ActiveCfg = Release|Any CPU
		{A9E95711-7AD7-47B6-99DE-B8CC4E158DC7}.Release|x86.Build.0 = Release|Any CPU
		{E3B82A52-7EF4-4060-A2AE-E2CB92488A47}.Debug|Any CPU.ActiveCfg = Debug|Any CPU
		{E3B82A52-7EF4-4060-A2AE-E2CB92488A47}.Debug|Any CPU.Build.0 = Debug|Any CPU
		{E3B82A52-7EF4-4060-A2AE-E2CB92488A47}.Debug|ARM.ActiveCfg = Debug|Any CPU
		{E3B82A52-7EF4-4060-A2AE-E2CB92488A47}.Debug|ARM.Build.0 = Debug|Any CPU
		{E3B82A52-7EF4-4060-A2AE-E2CB92488A47}.Debug|x64.ActiveCfg = Debug|Any CPU
		{E3B82A52-7EF4-4060-A2AE-E2CB92488A47}.Debug|x64.Build.0 = Debug|Any CPU
		{E3B82A52-7EF4-4060-A2AE-E2CB92488A47}.Debug|x86.ActiveCfg = Debug|Any CPU
		{E3B82A52-7EF4-4060-A2AE-E2CB92488A47}.Debug|x86.Build.0 = Debug|Any CPU
		{E3B82A52-7EF4-4060-A2AE-E2CB92488A47}.Release|Any CPU.ActiveCfg = Release|Any CPU
		{E3B82A52-7EF4-4060-A2AE-E2CB92488A47}.Release|Any CPU.Build.0 = Release|Any CPU
		{E3B82A52-7EF4-4060-A2AE-E2CB92488A47}.Release|ARM.ActiveCfg = Release|Any CPU
		{E3B82A52-7EF4-4060-A2AE-E2CB92488A47}.Release|ARM.Build.0 = Release|Any CPU
		{E3B82A52-7EF4-4060-A2AE-E2CB92488A47}.Release|x64.ActiveCfg = Release|Any CPU
		{E3B82A52-7EF4-4060-A2AE-E2CB92488A47}.Release|x64.Build.0 = Release|Any CPU
		{E3B82A52-7EF4-4060-A2AE-E2CB92488A47}.Release|x86.ActiveCfg = Release|Any CPU
		{E3B82A52-7EF4-4060-A2AE-E2CB92488A47}.Release|x86.Build.0 = Release|Any CPU
		{441A1D04-15D7-4084-A89F-40844663CB45}.Debug|Any CPU.ActiveCfg = Debug|Any CPU
		{441A1D04-15D7-4084-A89F-40844663CB45}.Debug|Any CPU.Build.0 = Debug|Any CPU
		{441A1D04-15D7-4084-A89F-40844663CB45}.Debug|ARM.ActiveCfg = Debug|Any CPU
		{441A1D04-15D7-4084-A89F-40844663CB45}.Debug|ARM.Build.0 = Debug|Any CPU
		{441A1D04-15D7-4084-A89F-40844663CB45}.Debug|x64.ActiveCfg = Debug|Any CPU
		{441A1D04-15D7-4084-A89F-40844663CB45}.Debug|x64.Build.0 = Debug|Any CPU
		{441A1D04-15D7-4084-A89F-40844663CB45}.Debug|x86.ActiveCfg = Debug|Any CPU
		{441A1D04-15D7-4084-A89F-40844663CB45}.Debug|x86.Build.0 = Debug|Any CPU
		{441A1D04-15D7-4084-A89F-40844663CB45}.Release|Any CPU.ActiveCfg = Release|Any CPU
		{441A1D04-15D7-4084-A89F-40844663CB45}.Release|Any CPU.Build.0 = Release|Any CPU
		{441A1D04-15D7-4084-A89F-40844663CB45}.Release|ARM.ActiveCfg = Release|Any CPU
		{441A1D04-15D7-4084-A89F-40844663CB45}.Release|ARM.Build.0 = Release|Any CPU
		{441A1D04-15D7-4084-A89F-40844663CB45}.Release|x64.ActiveCfg = Release|Any CPU
		{441A1D04-15D7-4084-A89F-40844663CB45}.Release|x64.Build.0 = Release|Any CPU
		{441A1D04-15D7-4084-A89F-40844663CB45}.Release|x86.ActiveCfg = Release|Any CPU
		{441A1D04-15D7-4084-A89F-40844663CB45}.Release|x86.Build.0 = Release|Any CPU
		{954B6AB1-7B91-442F-BBC8-99295F34D7AB}.Debug|Any CPU.ActiveCfg = Debug|Any CPU
		{954B6AB1-7B91-442F-BBC8-99295F34D7AB}.Debug|Any CPU.Build.0 = Debug|Any CPU
		{954B6AB1-7B91-442F-BBC8-99295F34D7AB}.Debug|ARM.ActiveCfg = Debug|Any CPU
		{954B6AB1-7B91-442F-BBC8-99295F34D7AB}.Debug|ARM.Build.0 = Debug|Any CPU
		{954B6AB1-7B91-442F-BBC8-99295F34D7AB}.Debug|x64.ActiveCfg = Debug|Any CPU
		{954B6AB1-7B91-442F-BBC8-99295F34D7AB}.Debug|x64.Build.0 = Debug|Any CPU
		{954B6AB1-7B91-442F-BBC8-99295F34D7AB}.Debug|x86.ActiveCfg = Debug|Any CPU
		{954B6AB1-7B91-442F-BBC8-99295F34D7AB}.Debug|x86.Build.0 = Debug|Any CPU
		{954B6AB1-7B91-442F-BBC8-99295F34D7AB}.Release|Any CPU.ActiveCfg = Release|Any CPU
		{954B6AB1-7B91-442F-BBC8-99295F34D7AB}.Release|Any CPU.Build.0 = Release|Any CPU
		{954B6AB1-7B91-442F-BBC8-99295F34D7AB}.Release|ARM.ActiveCfg = Release|Any CPU
		{954B6AB1-7B91-442F-BBC8-99295F34D7AB}.Release|ARM.Build.0 = Release|Any CPU
		{954B6AB1-7B91-442F-BBC8-99295F34D7AB}.Release|x64.ActiveCfg = Release|Any CPU
		{954B6AB1-7B91-442F-BBC8-99295F34D7AB}.Release|x64.Build.0 = Release|Any CPU
		{954B6AB1-7B91-442F-BBC8-99295F34D7AB}.Release|x86.ActiveCfg = Release|Any CPU
		{954B6AB1-7B91-442F-BBC8-99295F34D7AB}.Release|x86.Build.0 = Release|Any CPU
		{077A9393-7717-4F21-B3B7-4BF9DBEC4B59}.Debug|Any CPU.ActiveCfg = Debug|Any CPU
		{077A9393-7717-4F21-B3B7-4BF9DBEC4B59}.Debug|Any CPU.Build.0 = Debug|Any CPU
		{077A9393-7717-4F21-B3B7-4BF9DBEC4B59}.Debug|ARM.ActiveCfg = Debug|Any CPU
		{077A9393-7717-4F21-B3B7-4BF9DBEC4B59}.Debug|ARM.Build.0 = Debug|Any CPU
		{077A9393-7717-4F21-B3B7-4BF9DBEC4B59}.Debug|x64.ActiveCfg = Debug|Any CPU
		{077A9393-7717-4F21-B3B7-4BF9DBEC4B59}.Debug|x64.Build.0 = Debug|Any CPU
		{077A9393-7717-4F21-B3B7-4BF9DBEC4B59}.Debug|x86.ActiveCfg = Debug|Any CPU
		{077A9393-7717-4F21-B3B7-4BF9DBEC4B59}.Debug|x86.Build.0 = Debug|Any CPU
		{077A9393-7717-4F21-B3B7-4BF9DBEC4B59}.Release|Any CPU.ActiveCfg = Release|Any CPU
		{077A9393-7717-4F21-B3B7-4BF9DBEC4B59}.Release|Any CPU.Build.0 = Release|Any CPU
		{077A9393-7717-4F21-B3B7-4BF9DBEC4B59}.Release|ARM.ActiveCfg = Release|Any CPU
		{077A9393-7717-4F21-B3B7-4BF9DBEC4B59}.Release|ARM.Build.0 = Release|Any CPU
		{077A9393-7717-4F21-B3B7-4BF9DBEC4B59}.Release|x64.ActiveCfg = Release|Any CPU
		{077A9393-7717-4F21-B3B7-4BF9DBEC4B59}.Release|x64.Build.0 = Release|Any CPU
		{077A9393-7717-4F21-B3B7-4BF9DBEC4B59}.Release|x86.ActiveCfg = Release|Any CPU
		{077A9393-7717-4F21-B3B7-4BF9DBEC4B59}.Release|x86.Build.0 = Release|Any CPU
		{1585B425-7FFA-4BC0-ACBE-904D2D53CABA}.Debug|Any CPU.ActiveCfg = Debug|Any CPU
		{1585B425-7FFA-4BC0-ACBE-904D2D53CABA}.Debug|Any CPU.Build.0 = Debug|Any CPU
		{1585B425-7FFA-4BC0-ACBE-904D2D53CABA}.Debug|ARM.ActiveCfg = Debug|Any CPU
		{1585B425-7FFA-4BC0-ACBE-904D2D53CABA}.Debug|ARM.Build.0 = Debug|Any CPU
		{1585B425-7FFA-4BC0-ACBE-904D2D53CABA}.Debug|x64.ActiveCfg = Debug|Any CPU
		{1585B425-7FFA-4BC0-ACBE-904D2D53CABA}.Debug|x64.Build.0 = Debug|Any CPU
		{1585B425-7FFA-4BC0-ACBE-904D2D53CABA}.Debug|x86.ActiveCfg = Debug|Any CPU
		{1585B425-7FFA-4BC0-ACBE-904D2D53CABA}.Debug|x86.Build.0 = Debug|Any CPU
		{1585B425-7FFA-4BC0-ACBE-904D2D53CABA}.Release|Any CPU.ActiveCfg = Release|Any CPU
		{1585B425-7FFA-4BC0-ACBE-904D2D53CABA}.Release|Any CPU.Build.0 = Release|Any CPU
		{1585B425-7FFA-4BC0-ACBE-904D2D53CABA}.Release|ARM.ActiveCfg = Release|Any CPU
		{1585B425-7FFA-4BC0-ACBE-904D2D53CABA}.Release|ARM.Build.0 = Release|Any CPU
		{1585B425-7FFA-4BC0-ACBE-904D2D53CABA}.Release|x64.ActiveCfg = Release|Any CPU
		{1585B425-7FFA-4BC0-ACBE-904D2D53CABA}.Release|x64.Build.0 = Release|Any CPU
		{1585B425-7FFA-4BC0-ACBE-904D2D53CABA}.Release|x86.ActiveCfg = Release|Any CPU
		{1585B425-7FFA-4BC0-ACBE-904D2D53CABA}.Release|x86.Build.0 = Release|Any CPU
		{154BB750-90CB-477B-80D9-1B7326E8005A}.Debug|Any CPU.ActiveCfg = Debug|Any CPU
		{154BB750-90CB-477B-80D9-1B7326E8005A}.Debug|Any CPU.Build.0 = Debug|Any CPU
		{154BB750-90CB-477B-80D9-1B7326E8005A}.Debug|ARM.ActiveCfg = Debug|Any CPU
		{154BB750-90CB-477B-80D9-1B7326E8005A}.Debug|ARM.Build.0 = Debug|Any CPU
		{154BB750-90CB-477B-80D9-1B7326E8005A}.Debug|x64.ActiveCfg = Debug|Any CPU
		{154BB750-90CB-477B-80D9-1B7326E8005A}.Debug|x64.Build.0 = Debug|Any CPU
		{154BB750-90CB-477B-80D9-1B7326E8005A}.Debug|x86.ActiveCfg = Debug|Any CPU
		{154BB750-90CB-477B-80D9-1B7326E8005A}.Debug|x86.Build.0 = Debug|Any CPU
		{154BB750-90CB-477B-80D9-1B7326E8005A}.Release|Any CPU.ActiveCfg = Release|Any CPU
		{154BB750-90CB-477B-80D9-1B7326E8005A}.Release|Any CPU.Build.0 = Release|Any CPU
		{154BB750-90CB-477B-80D9-1B7326E8005A}.Release|ARM.ActiveCfg = Release|Any CPU
		{154BB750-90CB-477B-80D9-1B7326E8005A}.Release|ARM.Build.0 = Release|Any CPU
		{154BB750-90CB-477B-80D9-1B7326E8005A}.Release|x64.ActiveCfg = Release|Any CPU
		{154BB750-90CB-477B-80D9-1B7326E8005A}.Release|x64.Build.0 = Release|Any CPU
		{154BB750-90CB-477B-80D9-1B7326E8005A}.Release|x86.ActiveCfg = Release|Any CPU
		{154BB750-90CB-477B-80D9-1B7326E8005A}.Release|x86.Build.0 = Release|Any CPU
		{D056F008-E117-4BF3-8967-FD115E516089}.Debug|Any CPU.ActiveCfg = Debug|Any CPU
		{D056F008-E117-4BF3-8967-FD115E516089}.Debug|Any CPU.Build.0 = Debug|Any CPU
		{D056F008-E117-4BF3-8967-FD115E516089}.Debug|ARM.ActiveCfg = Debug|Any CPU
		{D056F008-E117-4BF3-8967-FD115E516089}.Debug|ARM.Build.0 = Debug|Any CPU
		{D056F008-E117-4BF3-8967-FD115E516089}.Debug|x64.ActiveCfg = Debug|Any CPU
		{D056F008-E117-4BF3-8967-FD115E516089}.Debug|x64.Build.0 = Debug|Any CPU
		{D056F008-E117-4BF3-8967-FD115E516089}.Debug|x86.ActiveCfg = Debug|Any CPU
		{D056F008-E117-4BF3-8967-FD115E516089}.Debug|x86.Build.0 = Debug|Any CPU
		{D056F008-E117-4BF3-8967-FD115E516089}.Release|Any CPU.ActiveCfg = Release|Any CPU
		{D056F008-E117-4BF3-8967-FD115E516089}.Release|Any CPU.Build.0 = Release|Any CPU
		{D056F008-E117-4BF3-8967-FD115E516089}.Release|ARM.ActiveCfg = Release|Any CPU
		{D056F008-E117-4BF3-8967-FD115E516089}.Release|ARM.Build.0 = Release|Any CPU
		{D056F008-E117-4BF3-8967-FD115E516089}.Release|x64.ActiveCfg = Release|Any CPU
		{D056F008-E117-4BF3-8967-FD115E516089}.Release|x64.Build.0 = Release|Any CPU
		{D056F008-E117-4BF3-8967-FD115E516089}.Release|x86.ActiveCfg = Release|Any CPU
		{D056F008-E117-4BF3-8967-FD115E516089}.Release|x86.Build.0 = Release|Any CPU
		{F4334E64-52C3-4C4B-B851-A330A15DF869}.Debug|Any CPU.ActiveCfg = Debug|Any CPU
		{F4334E64-52C3-4C4B-B851-A330A15DF869}.Debug|Any CPU.Build.0 = Debug|Any CPU
		{F4334E64-52C3-4C4B-B851-A330A15DF869}.Debug|ARM.ActiveCfg = Debug|Any CPU
		{F4334E64-52C3-4C4B-B851-A330A15DF869}.Debug|ARM.Build.0 = Debug|Any CPU
		{F4334E64-52C3-4C4B-B851-A330A15DF869}.Debug|x64.ActiveCfg = Debug|Any CPU
		{F4334E64-52C3-4C4B-B851-A330A15DF869}.Debug|x64.Build.0 = Debug|Any CPU
		{F4334E64-52C3-4C4B-B851-A330A15DF869}.Debug|x86.ActiveCfg = Debug|Any CPU
		{F4334E64-52C3-4C4B-B851-A330A15DF869}.Debug|x86.Build.0 = Debug|Any CPU
		{F4334E64-52C3-4C4B-B851-A330A15DF869}.Release|Any CPU.ActiveCfg = Release|Any CPU
		{F4334E64-52C3-4C4B-B851-A330A15DF869}.Release|Any CPU.Build.0 = Release|Any CPU
		{F4334E64-52C3-4C4B-B851-A330A15DF869}.Release|ARM.ActiveCfg = Release|Any CPU
		{F4334E64-52C3-4C4B-B851-A330A15DF869}.Release|ARM.Build.0 = Release|Any CPU
		{F4334E64-52C3-4C4B-B851-A330A15DF869}.Release|x64.ActiveCfg = Release|Any CPU
		{F4334E64-52C3-4C4B-B851-A330A15DF869}.Release|x64.Build.0 = Release|Any CPU
		{F4334E64-52C3-4C4B-B851-A330A15DF869}.Release|x86.ActiveCfg = Release|Any CPU
		{F4334E64-52C3-4C4B-B851-A330A15DF869}.Release|x86.Build.0 = Release|Any CPU
		{E3B2D373-A18D-4F25-A1B1-9FB2DAB9CCF9}.Debug|Any CPU.ActiveCfg = Debug|Any CPU
		{E3B2D373-A18D-4F25-A1B1-9FB2DAB9CCF9}.Debug|Any CPU.Build.0 = Debug|Any CPU
		{E3B2D373-A18D-4F25-A1B1-9FB2DAB9CCF9}.Debug|ARM.ActiveCfg = Debug|Any CPU
		{E3B2D373-A18D-4F25-A1B1-9FB2DAB9CCF9}.Debug|ARM.Build.0 = Debug|Any CPU
		{E3B2D373-A18D-4F25-A1B1-9FB2DAB9CCF9}.Debug|x64.ActiveCfg = Debug|Any CPU
		{E3B2D373-A18D-4F25-A1B1-9FB2DAB9CCF9}.Debug|x64.Build.0 = Debug|Any CPU
		{E3B2D373-A18D-4F25-A1B1-9FB2DAB9CCF9}.Debug|x86.ActiveCfg = Debug|Any CPU
		{E3B2D373-A18D-4F25-A1B1-9FB2DAB9CCF9}.Debug|x86.Build.0 = Debug|Any CPU
		{E3B2D373-A18D-4F25-A1B1-9FB2DAB9CCF9}.Release|Any CPU.ActiveCfg = Release|Any CPU
		{E3B2D373-A18D-4F25-A1B1-9FB2DAB9CCF9}.Release|Any CPU.Build.0 = Release|Any CPU
		{E3B2D373-A18D-4F25-A1B1-9FB2DAB9CCF9}.Release|ARM.ActiveCfg = Release|Any CPU
		{E3B2D373-A18D-4F25-A1B1-9FB2DAB9CCF9}.Release|ARM.Build.0 = Release|Any CPU
		{E3B2D373-A18D-4F25-A1B1-9FB2DAB9CCF9}.Release|x64.ActiveCfg = Release|Any CPU
		{E3B2D373-A18D-4F25-A1B1-9FB2DAB9CCF9}.Release|x64.Build.0 = Release|Any CPU
		{E3B2D373-A18D-4F25-A1B1-9FB2DAB9CCF9}.Release|x86.ActiveCfg = Release|Any CPU
		{E3B2D373-A18D-4F25-A1B1-9FB2DAB9CCF9}.Release|x86.Build.0 = Release|Any CPU
		{017C9F8F-801C-4CED-BCF9-3F8B21FFFFF5}.Debug|Any CPU.ActiveCfg = Debug|Any CPU
		{017C9F8F-801C-4CED-BCF9-3F8B21FFFFF5}.Debug|Any CPU.Build.0 = Debug|Any CPU
		{017C9F8F-801C-4CED-BCF9-3F8B21FFFFF5}.Debug|ARM.ActiveCfg = Debug|Any CPU
		{017C9F8F-801C-4CED-BCF9-3F8B21FFFFF5}.Debug|ARM.Build.0 = Debug|Any CPU
		{017C9F8F-801C-4CED-BCF9-3F8B21FFFFF5}.Debug|x64.ActiveCfg = Debug|Any CPU
		{017C9F8F-801C-4CED-BCF9-3F8B21FFFFF5}.Debug|x64.Build.0 = Debug|Any CPU
		{017C9F8F-801C-4CED-BCF9-3F8B21FFFFF5}.Debug|x86.ActiveCfg = Debug|Any CPU
		{017C9F8F-801C-4CED-BCF9-3F8B21FFFFF5}.Debug|x86.Build.0 = Debug|Any CPU
		{017C9F8F-801C-4CED-BCF9-3F8B21FFFFF5}.Release|Any CPU.ActiveCfg = Release|Any CPU
		{017C9F8F-801C-4CED-BCF9-3F8B21FFFFF5}.Release|Any CPU.Build.0 = Release|Any CPU
		{017C9F8F-801C-4CED-BCF9-3F8B21FFFFF5}.Release|ARM.ActiveCfg = Release|Any CPU
		{017C9F8F-801C-4CED-BCF9-3F8B21FFFFF5}.Release|ARM.Build.0 = Release|Any CPU
		{017C9F8F-801C-4CED-BCF9-3F8B21FFFFF5}.Release|x64.ActiveCfg = Release|Any CPU
		{017C9F8F-801C-4CED-BCF9-3F8B21FFFFF5}.Release|x64.Build.0 = Release|Any CPU
		{017C9F8F-801C-4CED-BCF9-3F8B21FFFFF5}.Release|x86.ActiveCfg = Release|Any CPU
		{017C9F8F-801C-4CED-BCF9-3F8B21FFFFF5}.Release|x86.Build.0 = Release|Any CPU
		{5E7B265B-C3E8-4310-A96E-1B166B2A219E}.Debug|Any CPU.ActiveCfg = Debug|Any CPU
		{5E7B265B-C3E8-4310-A96E-1B166B2A219E}.Debug|Any CPU.Build.0 = Debug|Any CPU
		{5E7B265B-C3E8-4310-A96E-1B166B2A219E}.Debug|Any CPU.Deploy.0 = Debug|Any CPU
		{5E7B265B-C3E8-4310-A96E-1B166B2A219E}.Debug|ARM.ActiveCfg = Debug|Any CPU
		{5E7B265B-C3E8-4310-A96E-1B166B2A219E}.Debug|ARM.Build.0 = Debug|Any CPU
		{5E7B265B-C3E8-4310-A96E-1B166B2A219E}.Debug|ARM.Deploy.0 = Debug|Any CPU
		{5E7B265B-C3E8-4310-A96E-1B166B2A219E}.Debug|x64.ActiveCfg = Debug|Any CPU
		{5E7B265B-C3E8-4310-A96E-1B166B2A219E}.Debug|x64.Build.0 = Debug|Any CPU
		{5E7B265B-C3E8-4310-A96E-1B166B2A219E}.Debug|x64.Deploy.0 = Debug|Any CPU
		{5E7B265B-C3E8-4310-A96E-1B166B2A219E}.Debug|x86.ActiveCfg = Debug|Any CPU
		{5E7B265B-C3E8-4310-A96E-1B166B2A219E}.Debug|x86.Build.0 = Debug|Any CPU
		{5E7B265B-C3E8-4310-A96E-1B166B2A219E}.Debug|x86.Deploy.0 = Debug|Any CPU
		{5E7B265B-C3E8-4310-A96E-1B166B2A219E}.Release|Any CPU.ActiveCfg = Release|Any CPU
		{5E7B265B-C3E8-4310-A96E-1B166B2A219E}.Release|Any CPU.Build.0 = Release|Any CPU
		{5E7B265B-C3E8-4310-A96E-1B166B2A219E}.Release|Any CPU.Deploy.0 = Release|Any CPU
		{5E7B265B-C3E8-4310-A96E-1B166B2A219E}.Release|ARM.ActiveCfg = Release|Any CPU
		{5E7B265B-C3E8-4310-A96E-1B166B2A219E}.Release|ARM.Build.0 = Release|Any CPU
		{5E7B265B-C3E8-4310-A96E-1B166B2A219E}.Release|ARM.Deploy.0 = Release|Any CPU
		{5E7B265B-C3E8-4310-A96E-1B166B2A219E}.Release|x64.ActiveCfg = Release|Any CPU
		{5E7B265B-C3E8-4310-A96E-1B166B2A219E}.Release|x64.Build.0 = Release|Any CPU
		{5E7B265B-C3E8-4310-A96E-1B166B2A219E}.Release|x64.Deploy.0 = Release|Any CPU
		{5E7B265B-C3E8-4310-A96E-1B166B2A219E}.Release|x86.ActiveCfg = Release|Any CPU
		{5E7B265B-C3E8-4310-A96E-1B166B2A219E}.Release|x86.Build.0 = Release|Any CPU
		{5E7B265B-C3E8-4310-A96E-1B166B2A219E}.Release|x86.Deploy.0 = Release|Any CPU
		{04CBCC3C-EE5F-470C-87F8-6257D17F3081}.Debug|Any CPU.ActiveCfg = Debug|Any CPU
		{04CBCC3C-EE5F-470C-87F8-6257D17F3081}.Debug|Any CPU.Build.0 = Debug|Any CPU
		{04CBCC3C-EE5F-470C-87F8-6257D17F3081}.Debug|ARM.ActiveCfg = Debug|Any CPU
		{04CBCC3C-EE5F-470C-87F8-6257D17F3081}.Debug|ARM.Build.0 = Debug|Any CPU
		{04CBCC3C-EE5F-470C-87F8-6257D17F3081}.Debug|x64.ActiveCfg = Debug|Any CPU
		{04CBCC3C-EE5F-470C-87F8-6257D17F3081}.Debug|x64.Build.0 = Debug|Any CPU
		{04CBCC3C-EE5F-470C-87F8-6257D17F3081}.Debug|x86.ActiveCfg = Debug|Any CPU
		{04CBCC3C-EE5F-470C-87F8-6257D17F3081}.Debug|x86.Build.0 = Debug|Any CPU
		{04CBCC3C-EE5F-470C-87F8-6257D17F3081}.Release|Any CPU.ActiveCfg = Release|Any CPU
		{04CBCC3C-EE5F-470C-87F8-6257D17F3081}.Release|Any CPU.Build.0 = Release|Any CPU
		{04CBCC3C-EE5F-470C-87F8-6257D17F3081}.Release|ARM.ActiveCfg = Release|Any CPU
		{04CBCC3C-EE5F-470C-87F8-6257D17F3081}.Release|ARM.Build.0 = Release|Any CPU
		{04CBCC3C-EE5F-470C-87F8-6257D17F3081}.Release|x64.ActiveCfg = Release|Any CPU
		{04CBCC3C-EE5F-470C-87F8-6257D17F3081}.Release|x64.Build.0 = Release|Any CPU
		{04CBCC3C-EE5F-470C-87F8-6257D17F3081}.Release|x86.ActiveCfg = Release|Any CPU
		{04CBCC3C-EE5F-470C-87F8-6257D17F3081}.Release|x86.Build.0 = Release|Any CPU
		{C3D65F83-3351-4BC6-BB68-01651DEA7765}.Debug|Any CPU.ActiveCfg = Debug|Any CPU
		{C3D65F83-3351-4BC6-BB68-01651DEA7765}.Debug|Any CPU.Build.0 = Debug|Any CPU
		{C3D65F83-3351-4BC6-BB68-01651DEA7765}.Debug|ARM.ActiveCfg = Debug|Any CPU
		{C3D65F83-3351-4BC6-BB68-01651DEA7765}.Debug|ARM.Build.0 = Debug|Any CPU
		{C3D65F83-3351-4BC6-BB68-01651DEA7765}.Debug|x64.ActiveCfg = Debug|Any CPU
		{C3D65F83-3351-4BC6-BB68-01651DEA7765}.Debug|x64.Build.0 = Debug|Any CPU
		{C3D65F83-3351-4BC6-BB68-01651DEA7765}.Debug|x86.ActiveCfg = Debug|Any CPU
		{C3D65F83-3351-4BC6-BB68-01651DEA7765}.Debug|x86.Build.0 = Debug|Any CPU
		{C3D65F83-3351-4BC6-BB68-01651DEA7765}.Release|Any CPU.ActiveCfg = Release|Any CPU
		{C3D65F83-3351-4BC6-BB68-01651DEA7765}.Release|Any CPU.Build.0 = Release|Any CPU
		{C3D65F83-3351-4BC6-BB68-01651DEA7765}.Release|ARM.ActiveCfg = Release|Any CPU
		{C3D65F83-3351-4BC6-BB68-01651DEA7765}.Release|ARM.Build.0 = Release|Any CPU
		{C3D65F83-3351-4BC6-BB68-01651DEA7765}.Release|x64.ActiveCfg = Release|Any CPU
		{C3D65F83-3351-4BC6-BB68-01651DEA7765}.Release|x64.Build.0 = Release|Any CPU
		{C3D65F83-3351-4BC6-BB68-01651DEA7765}.Release|x86.ActiveCfg = Release|Any CPU
		{C3D65F83-3351-4BC6-BB68-01651DEA7765}.Release|x86.Build.0 = Release|Any CPU
		{2335E39E-4463-4CC4-83C3-B5E7EB6DDD3D}.Debug|Any CPU.ActiveCfg = Debug|Any CPU
		{2335E39E-4463-4CC4-83C3-B5E7EB6DDD3D}.Debug|Any CPU.Build.0 = Debug|Any CPU
		{2335E39E-4463-4CC4-83C3-B5E7EB6DDD3D}.Debug|Any CPU.Deploy.0 = Debug|Any CPU
		{2335E39E-4463-4CC4-83C3-B5E7EB6DDD3D}.Debug|ARM.ActiveCfg = Debug|Any CPU
		{2335E39E-4463-4CC4-83C3-B5E7EB6DDD3D}.Debug|ARM.Build.0 = Debug|Any CPU
		{2335E39E-4463-4CC4-83C3-B5E7EB6DDD3D}.Debug|ARM.Deploy.0 = Debug|Any CPU
		{2335E39E-4463-4CC4-83C3-B5E7EB6DDD3D}.Debug|x64.ActiveCfg = Debug|Any CPU
		{2335E39E-4463-4CC4-83C3-B5E7EB6DDD3D}.Debug|x64.Build.0 = Debug|Any CPU
		{2335E39E-4463-4CC4-83C3-B5E7EB6DDD3D}.Debug|x64.Deploy.0 = Debug|Any CPU
		{2335E39E-4463-4CC4-83C3-B5E7EB6DDD3D}.Debug|x86.ActiveCfg = Debug|Any CPU
		{2335E39E-4463-4CC4-83C3-B5E7EB6DDD3D}.Debug|x86.Build.0 = Debug|Any CPU
		{2335E39E-4463-4CC4-83C3-B5E7EB6DDD3D}.Debug|x86.Deploy.0 = Debug|Any CPU
		{2335E39E-4463-4CC4-83C3-B5E7EB6DDD3D}.Release|Any CPU.ActiveCfg = Release|Any CPU
		{2335E39E-4463-4CC4-83C3-B5E7EB6DDD3D}.Release|Any CPU.Build.0 = Release|Any CPU
		{2335E39E-4463-4CC4-83C3-B5E7EB6DDD3D}.Release|Any CPU.Deploy.0 = Release|Any CPU
		{2335E39E-4463-4CC4-83C3-B5E7EB6DDD3D}.Release|ARM.ActiveCfg = Release|Any CPU
		{2335E39E-4463-4CC4-83C3-B5E7EB6DDD3D}.Release|ARM.Build.0 = Release|Any CPU
		{2335E39E-4463-4CC4-83C3-B5E7EB6DDD3D}.Release|ARM.Deploy.0 = Release|Any CPU
		{2335E39E-4463-4CC4-83C3-B5E7EB6DDD3D}.Release|x64.ActiveCfg = Release|Any CPU
		{2335E39E-4463-4CC4-83C3-B5E7EB6DDD3D}.Release|x64.Build.0 = Release|Any CPU
		{2335E39E-4463-4CC4-83C3-B5E7EB6DDD3D}.Release|x64.Deploy.0 = Release|Any CPU
		{2335E39E-4463-4CC4-83C3-B5E7EB6DDD3D}.Release|x86.ActiveCfg = Release|Any CPU
		{2335E39E-4463-4CC4-83C3-B5E7EB6DDD3D}.Release|x86.Build.0 = Release|Any CPU
		{2335E39E-4463-4CC4-83C3-B5E7EB6DDD3D}.Release|x86.Deploy.0 = Release|Any CPU
		{D41894EB-FFA2-4400-B2FE-3078CE18429F}.Debug|Any CPU.ActiveCfg = Debug|Any CPU
		{D41894EB-FFA2-4400-B2FE-3078CE18429F}.Debug|Any CPU.Build.0 = Debug|Any CPU
		{D41894EB-FFA2-4400-B2FE-3078CE18429F}.Debug|ARM.ActiveCfg = Debug|Any CPU
		{D41894EB-FFA2-4400-B2FE-3078CE18429F}.Debug|ARM.Build.0 = Debug|Any CPU
		{D41894EB-FFA2-4400-B2FE-3078CE18429F}.Debug|x64.ActiveCfg = Debug|Any CPU
		{D41894EB-FFA2-4400-B2FE-3078CE18429F}.Debug|x64.Build.0 = Debug|Any CPU
		{D41894EB-FFA2-4400-B2FE-3078CE18429F}.Debug|x86.ActiveCfg = Debug|Any CPU
		{D41894EB-FFA2-4400-B2FE-3078CE18429F}.Debug|x86.Build.0 = Debug|Any CPU
		{D41894EB-FFA2-4400-B2FE-3078CE18429F}.Release|Any CPU.ActiveCfg = Release|Any CPU
		{D41894EB-FFA2-4400-B2FE-3078CE18429F}.Release|Any CPU.Build.0 = Release|Any CPU
		{D41894EB-FFA2-4400-B2FE-3078CE18429F}.Release|ARM.ActiveCfg = Release|Any CPU
		{D41894EB-FFA2-4400-B2FE-3078CE18429F}.Release|ARM.Build.0 = Release|Any CPU
		{D41894EB-FFA2-4400-B2FE-3078CE18429F}.Release|x64.ActiveCfg = Release|Any CPU
		{D41894EB-FFA2-4400-B2FE-3078CE18429F}.Release|x64.Build.0 = Release|Any CPU
		{D41894EB-FFA2-4400-B2FE-3078CE18429F}.Release|x86.ActiveCfg = Release|Any CPU
		{D41894EB-FFA2-4400-B2FE-3078CE18429F}.Release|x86.Build.0 = Release|Any CPU
		{78B4F9EA-7735-40B7-8F59-30FB872E3CB0}.Debug|Any CPU.ActiveCfg = Debug|Any CPU
		{78B4F9EA-7735-40B7-8F59-30FB872E3CB0}.Debug|Any CPU.Build.0 = Debug|Any CPU
		{78B4F9EA-7735-40B7-8F59-30FB872E3CB0}.Debug|ARM.ActiveCfg = Debug|Any CPU
		{78B4F9EA-7735-40B7-8F59-30FB872E3CB0}.Debug|ARM.Build.0 = Debug|Any CPU
		{78B4F9EA-7735-40B7-8F59-30FB872E3CB0}.Debug|x64.ActiveCfg = Debug|Any CPU
		{78B4F9EA-7735-40B7-8F59-30FB872E3CB0}.Debug|x64.Build.0 = Debug|Any CPU
		{78B4F9EA-7735-40B7-8F59-30FB872E3CB0}.Debug|x86.ActiveCfg = Debug|Any CPU
		{78B4F9EA-7735-40B7-8F59-30FB872E3CB0}.Debug|x86.Build.0 = Debug|Any CPU
		{78B4F9EA-7735-40B7-8F59-30FB872E3CB0}.Release|Any CPU.ActiveCfg = Release|Any CPU
		{78B4F9EA-7735-40B7-8F59-30FB872E3CB0}.Release|Any CPU.Build.0 = Release|Any CPU
		{78B4F9EA-7735-40B7-8F59-30FB872E3CB0}.Release|ARM.ActiveCfg = Release|Any CPU
		{78B4F9EA-7735-40B7-8F59-30FB872E3CB0}.Release|ARM.Build.0 = Release|Any CPU
		{78B4F9EA-7735-40B7-8F59-30FB872E3CB0}.Release|x64.ActiveCfg = Release|Any CPU
		{78B4F9EA-7735-40B7-8F59-30FB872E3CB0}.Release|x64.Build.0 = Release|Any CPU
		{78B4F9EA-7735-40B7-8F59-30FB872E3CB0}.Release|x86.ActiveCfg = Release|Any CPU
		{78B4F9EA-7735-40B7-8F59-30FB872E3CB0}.Release|x86.Build.0 = Release|Any CPU
	EndGlobalSection
	GlobalSection(SolutionProperties) = preSolution
		HideSolutionNode = FALSE
	EndGlobalSection
	GlobalSection(NestedProjects) = preSolution
		{A9E95711-7AD7-47B6-99DE-B8CC4E158DC7} = {010A4ECC-1009-4673-BBC1-1567AD2D11DF}
		{E3B82A52-7EF4-4060-A2AE-E2CB92488A47} = {010A4ECC-1009-4673-BBC1-1567AD2D11DF}
		{441A1D04-15D7-4084-A89F-40844663CB45} = {010A4ECC-1009-4673-BBC1-1567AD2D11DF}
		{954B6AB1-7B91-442F-BBC8-99295F34D7AB} = {010A4ECC-1009-4673-BBC1-1567AD2D11DF}
		{077A9393-7717-4F21-B3B7-4BF9DBEC4B59} = {010A4ECC-1009-4673-BBC1-1567AD2D11DF}
		{1585B425-7FFA-4BC0-ACBE-904D2D53CABA} = {D945AA0B-2901-49E8-B61F-9FA054464A53}
		{154BB750-90CB-477B-80D9-1B7326E8005A} = {D945AA0B-2901-49E8-B61F-9FA054464A53}
		{D056F008-E117-4BF3-8967-FD115E516089} = {010A4ECC-1009-4673-BBC1-1567AD2D11DF}
		{F4334E64-52C3-4C4B-B851-A330A15DF869} = {010A4ECC-1009-4673-BBC1-1567AD2D11DF}
		{E3B2D373-A18D-4F25-A1B1-9FB2DAB9CCF9} = {010A4ECC-1009-4673-BBC1-1567AD2D11DF}
		{017C9F8F-801C-4CED-BCF9-3F8B21FFFFF5} = {010A4ECC-1009-4673-BBC1-1567AD2D11DF}
		{5E7B265B-C3E8-4310-A96E-1B166B2A219E} = {CE413499-D34E-4F51-A29B-1180C0A666D7}
		{04CBCC3C-EE5F-470C-87F8-6257D17F3081} = {D945AA0B-2901-49E8-B61F-9FA054464A53}
		{C3D65F83-3351-4BC6-BB68-01651DEA7765} = {CE413499-D34E-4F51-A29B-1180C0A666D7}
		{2335E39E-4463-4CC4-83C3-B5E7EB6DDD3D} = {CE413499-D34E-4F51-A29B-1180C0A666D7}
		{D41894EB-FFA2-4400-B2FE-3078CE18429F} = {CE413499-D34E-4F51-A29B-1180C0A666D7}
		{78B4F9EA-7735-40B7-8F59-30FB872E3CB0} = {CE413499-D34E-4F51-A29B-1180C0A666D7}
	EndGlobalSection
	GlobalSection(ExtensibilityGlobals) = postSolution
		SolutionGuid = {512FE18D-F01B-408E-8BAF-31F0CDE37EC1}
	EndGlobalSection
EndGlobal
