
Microsoft Visual Studio Solution File, Format Version 12.00
# Visual Studio Version 17
VisualStudioVersion = 17.0.31903.59
MinimumVisualStudioVersion = 10.0.40219.1
Project("{9A19103F-16F7-4668-BE54-9A1E7A4F7556}") = "GraduatedCylinder", "Source\GraduatedCylinder\GraduatedCylinder.csproj", "{A9E95711-7AD7-47B6-99DE-B8CC4E158DC7}"
EndProject
Project("{9A19103F-16F7-4668-BE54-9A1E7A4F7556}") = "GraduatedCylinder.Geo", "Source\GraduatedCylinder.Geo\GraduatedCylinder.Geo.csproj", "{E3B82A52-7EF4-4060-A2AE-E2CB92488A47}"
EndProject
Project("{9A19103F-16F7-4668-BE54-9A1E7A4F7556}") = "GraduatedCylinder.Tests", "Tests\GraduatedCylinder.Tests\GraduatedCylinder.Tests.csproj", "{441A1D04-15D7-4084-A89F-40844663CB45}"
EndProject
Project("{9A19103F-16F7-4668-BE54-9A1E7A4F7556}") = "GraduatedCylinder.Geo.Tests", "Tests\GraduatedCylinder.Geo.Tests\GraduatedCylinder.Geo.Tests.csproj", "{954B6AB1-7B91-442F-BBC8-99295F34D7AB}"
EndProject
Project("{9A19103F-16F7-4668-BE54-9A1E7A4F7556}") = "GraduatedCylinder.Json", "Source\GraduatedCylinder.Json\GraduatedCylinder.Json.csproj", "{077A9393-7717-4F21-B3B7-4BF9DBEC4B59}"
EndProject
Project("{9A19103F-16F7-4668-BE54-9A1E7A4F7556}") = "Nmea.Core0183", "Source\Nmea.Core0183\Nmea.Core0183.csproj", "{1585B425-7FFA-4BC0-ACBE-904D2D53CABA}"
EndProject
Project("{9A19103F-16F7-4668-BE54-9A1E7A4F7556}") = "Nmea.Core0183.Tests", "Tests\Nmea.Core0183.Tests\Nmea.Core0183.Tests.csproj", "{154BB750-90CB-477B-80D9-1B7326E8005A}"
EndProject
Project("{9A19103F-16F7-4668-BE54-9A1E7A4F7556}") = "GraduatedCylinder.Json.Tests", "Tests\GraduatedCylinder.Json.Tests\GraduatedCylinder.Json.Tests.csproj", "{017C9F8F-801C-4CED-BCF9-3F8B21FFFFF5}"
EndProject
Project("{2150E333-8FDC-42A3-9474-1A3956D46DE8}") = "GraduatedCylinder (64bit)", "GraduatedCylinder (64bit)", "{010A4ECC-1009-4673-BBC1-1567AD2D11DF}"
EndProject
Project("{9A19103F-16F7-4668-BE54-9A1E7A4F7556}") = "_build", "build\_build.csproj", "{F7DF448C-0DFB-499C-8B23-51C5B97D63D1}"
EndProject
Project("{2150E333-8FDC-42A3-9474-1A3956D46DE8}") = "Build", "Build", "{720322D4-6652-4BCB-86FD-190AF4C97DFD}"
	ProjectSection(SolutionItems) = preProject
		README.md = README.md
	EndProjectSection
EndProject
Project("{9A19103F-16F7-4668-BE54-9A1E7A4F7556}") = "GraduatedCylinder.Geo.Gps", "Source\GraduatedCylinder.Geo.Gps\GraduatedCylinder.Geo.Gps.csproj", "{F87C5D73-1E50-49EC-8AD1-71506C64F22B}"
EndProject
Project("{9A19103F-16F7-4668-BE54-9A1E7A4F7556}") = "GraduatedCylinder.Geo.Laser", "Source\GraduatedCylinder.Geo.Laser\GraduatedCylinder.Geo.Laser.csproj", "{F629AB7C-FC27-4FEA-B0AF-DCCB8BFEB23E}"
EndProject
Project("{9A19103F-16F7-4668-BE54-9A1E7A4F7556}") = "GraduatedCylinder.Geo.Gps.Tests", "Tests\GraduatedCylinder.Geo.Gps.Tests\GraduatedCylinder.Geo.Gps.Tests.csproj", "{BBFF5B07-F654-4553-8C49-6B488693F5D1}"
EndProject
Project("{9A19103F-16F7-4668-BE54-9A1E7A4F7556}") = "GraduatedCylinder.Geo.Laser.Tests", "Tests\GraduatedCylinder.Geo.Laser.Tests\GraduatedCylinder.Geo.Laser.Tests.csproj", "{AB958A06-6CC2-4945-B87E-281190AADA70}"
EndProject
Project("{2150E333-8FDC-42A3-9474-1A3956D46DE8}") = "Pipette (32bit)", "Pipette (32bit)", "{6975B44E-DEDB-4C0F-9F4D-7D1406816A5E}"
EndProject
Project("{9A19103F-16F7-4668-BE54-9A1E7A4F7556}") = "Pipette", "Source\Pipette\Pipette.csproj", "{164CCB9C-7199-4D10-93F0-70933F18BB81}"
EndProject
Project("{9A19103F-16F7-4668-BE54-9A1E7A4F7556}") = "CodeGeneration", "Source\CodeGeneration\CodeGeneration.csproj", "{0319747B-B94B-4B3B-B419-79B0D392F9C7}"
EndProject
Project("{2150E333-8FDC-42A3-9474-1A3956D46DE8}") = "GraduatedCylinder.Geo (64bit)", "GraduatedCylinder.Geo (64bit)", "{692A6FC9-D6AE-4068-A973-2EAACD8BC8AC}"
EndProject
Project("{2150E333-8FDC-42A3-9474-1A3956D46DE8}") = "NMEA 0183", "NMEA 0183", "{0C34F87D-DACB-4DD1-9341-9D5ED2B7C2FA}"
EndProject
Project("{2150E333-8FDC-42A3-9474-1A3956D46DE8}") = "Tests", "Tests", "{59A9FD8A-E42A-4F31-9E12-95BC6F2BD932}"
EndProject
Project("{9A19103F-16F7-4668-BE54-9A1E7A4F7556}") = "GraduatedCylinder.Text.Tests", "Tests\GraduatedCylinder.Text.Tests\GraduatedCylinder.Text.Tests.csproj", "{E58759A4-0ED3-4BAF-A77E-157DAE42D076}"
EndProject
Project("{2150E333-8FDC-42A3-9474-1A3956D46DE8}") = "Tests", "Tests", "{7A9C71FA-A530-454A-B1E2-21E5D91B06A7}"
EndProject
Project("{9A19103F-16F7-4668-BE54-9A1E7A4F7556}") = "Pipette.Tests", "Tests\Pipette.Tests\Pipette.Tests.csproj", "{44CD8D15-529D-481E-96C1-9534B9C820A8}"
EndProject
Project("{2150E333-8FDC-42A3-9474-1A3956D46DE8}") = "Tests", "Tests", "{7CB7DA8B-ECD0-4EF0-AE35-B89BF0AFF59C}"
EndProject
Project("{9A19103F-16F7-4668-BE54-9A1E7A4F7556}") = "Pipette.Json", "Source\Pipette.Json\Pipette.Json.csproj", "{443BC5E4-85A9-46AD-90DD-7167CB8A8278}"
EndProject
Global
	GlobalSection(SolutionConfigurationPlatforms) = preSolution
		Debug|Any CPU = Debug|Any CPU
		Debug|ARM = Debug|ARM
		Debug|x64 = Debug|x64
		Debug|x86 = Debug|x86
		Release|Any CPU = Release|Any CPU
		Release|ARM = Release|ARM
		Release|x64 = Release|x64
		Release|x86 = Release|x86
	EndGlobalSection
	GlobalSection(ProjectConfigurationPlatforms) = postSolution
		{A9E95711-7AD7-47B6-99DE-B8CC4E158DC7}.Debug|Any CPU.ActiveCfg = Debug|Any CPU
		{A9E95711-7AD7-47B6-99DE-B8CC4E158DC7}.Debug|Any CPU.Build.0 = Debug|Any CPU
		{A9E95711-7AD7-47B6-99DE-B8CC4E158DC7}.Debug|ARM.ActiveCfg = Debug|Any CPU
		{A9E95711-7AD7-47B6-99DE-B8CC4E158DC7}.Debug|ARM.Build.0 = Debug|Any CPU
		{A9E95711-7AD7-47B6-99DE-B8CC4E158DC7}.Debug|x64.ActiveCfg = Debug|Any CPU
		{A9E95711-7AD7-47B6-99DE-B8CC4E158DC7}.Debug|x64.Build.0 = Debug|Any CPU
		{A9E95711-7AD7-47B6-99DE-B8CC4E158DC7}.Debug|x86.ActiveCfg = Debug|Any CPU
		{A9E95711-7AD7-47B6-99DE-B8CC4E158DC7}.Debug|x86.Build.0 = Debug|Any CPU
		{A9E95711-7AD7-47B6-99DE-B8CC4E158DC7}.Release|Any CPU.ActiveCfg = Release|Any CPU
		{A9E95711-7AD7-47B6-99DE-B8CC4E158DC7}.Release|Any CPU.Build.0 = Release|Any CPU
		{A9E95711-7AD7-47B6-99DE-B8CC4E158DC7}.Release|ARM.ActiveCfg = Release|Any CPU
		{A9E95711-7AD7-47B6-99DE-B8CC4E158DC7}.Release|ARM.Build.0 = Release|Any CPU
		{A9E95711-7AD7-47B6-99DE-B8CC4E158DC7}.Release|x64.ActiveCfg = Release|Any CPU
		{A9E95711-7AD7-47B6-99DE-B8CC4E158DC7}.Release|x64.Build.0 = Release|Any CPU
		{A9E95711-7AD7-47B6-99DE-B8CC4E158DC7}.Release|x86.ActiveCfg = Release|Any CPU
		{A9E95711-7AD7-47B6-99DE-B8CC4E158DC7}.Release|x86.Build.0 = Release|Any CPU
		{E3B82A52-7EF4-4060-A2AE-E2CB92488A47}.Debug|Any CPU.ActiveCfg = Debug|Any CPU
		{E3B82A52-7EF4-4060-A2AE-E2CB92488A47}.Debug|Any CPU.Build.0 = Debug|Any CPU
		{E3B82A52-7EF4-4060-A2AE-E2CB92488A47}.Debug|ARM.ActiveCfg = Debug|Any CPU
		{E3B82A52-7EF4-4060-A2AE-E2CB92488A47}.Debug|ARM.Build.0 = Debug|Any CPU
		{E3B82A52-7EF4-4060-A2AE-E2CB92488A47}.Debug|x64.ActiveCfg = Debug|Any CPU
		{E3B82A52-7EF4-4060-A2AE-E2CB92488A47}.Debug|x64.Build.0 = Debug|Any CPU
		{E3B82A52-7EF4-4060-A2AE-E2CB92488A47}.Debug|x86.ActiveCfg = Debug|Any CPU
		{E3B82A52-7EF4-4060-A2AE-E2CB92488A47}.Debug|x86.Build.0 = Debug|Any CPU
		{E3B82A52-7EF4-4060-A2AE-E2CB92488A47}.Release|Any CPU.ActiveCfg = Release|Any CPU
		{E3B82A52-7EF4-4060-A2AE-E2CB92488A47}.Release|Any CPU.Build.0 = Release|Any CPU
		{E3B82A52-7EF4-4060-A2AE-E2CB92488A47}.Release|ARM.ActiveCfg = Release|Any CPU
		{E3B82A52-7EF4-4060-A2AE-E2CB92488A47}.Release|ARM.Build.0 = Release|Any CPU
		{E3B82A52-7EF4-4060-A2AE-E2CB92488A47}.Release|x64.ActiveCfg = Release|Any CPU
		{E3B82A52-7EF4-4060-A2AE-E2CB92488A47}.Release|x64.Build.0 = Release|Any CPU
		{E3B82A52-7EF4-4060-A2AE-E2CB92488A47}.Release|x86.ActiveCfg = Release|Any CPU
		{E3B82A52-7EF4-4060-A2AE-E2CB92488A47}.Release|x86.Build.0 = Release|Any CPU
		{441A1D04-15D7-4084-A89F-40844663CB45}.Debug|Any CPU.ActiveCfg = Debug|Any CPU
		{441A1D04-15D7-4084-A89F-40844663CB45}.Debug|Any CPU.Build.0 = Debug|Any CPU
		{441A1D04-15D7-4084-A89F-40844663CB45}.Debug|ARM.ActiveCfg = Debug|Any CPU
		{441A1D04-15D7-4084-A89F-40844663CB45}.Debug|ARM.Build.0 = Debug|Any CPU
		{441A1D04-15D7-4084-A89F-40844663CB45}.Debug|x64.ActiveCfg = Debug|Any CPU
		{441A1D04-15D7-4084-A89F-40844663CB45}.Debug|x64.Build.0 = Debug|Any CPU
		{441A1D04-15D7-4084-A89F-40844663CB45}.Debug|x86.ActiveCfg = Debug|Any CPU
		{441A1D04-15D7-4084-A89F-40844663CB45}.Debug|x86.Build.0 = Debug|Any CPU
		{441A1D04-15D7-4084-A89F-40844663CB45}.Release|Any CPU.ActiveCfg = Release|Any CPU
		{441A1D04-15D7-4084-A89F-40844663CB45}.Release|Any CPU.Build.0 = Release|Any CPU
		{441A1D04-15D7-4084-A89F-40844663CB45}.Release|ARM.ActiveCfg = Release|Any CPU
		{441A1D04-15D7-4084-A89F-40844663CB45}.Release|ARM.Build.0 = Release|Any CPU
		{441A1D04-15D7-4084-A89F-40844663CB45}.Release|x64.ActiveCfg = Release|Any CPU
		{441A1D04-15D7-4084-A89F-40844663CB45}.Release|x64.Build.0 = Release|Any CPU
		{441A1D04-15D7-4084-A89F-40844663CB45}.Release|x86.ActiveCfg = Release|Any CPU
		{441A1D04-15D7-4084-A89F-40844663CB45}.Release|x86.Build.0 = Release|Any CPU
		{954B6AB1-7B91-442F-BBC8-99295F34D7AB}.Debug|Any CPU.ActiveCfg = Debug|Any CPU
		{954B6AB1-7B91-442F-BBC8-99295F34D7AB}.Debug|Any CPU.Build.0 = Debug|Any CPU
		{954B6AB1-7B91-442F-BBC8-99295F34D7AB}.Debug|ARM.ActiveCfg = Debug|Any CPU
		{954B6AB1-7B91-442F-BBC8-99295F34D7AB}.Debug|ARM.Build.0 = Debug|Any CPU
		{954B6AB1-7B91-442F-BBC8-99295F34D7AB}.Debug|x64.ActiveCfg = Debug|Any CPU
		{954B6AB1-7B91-442F-BBC8-99295F34D7AB}.Debug|x64.Build.0 = Debug|Any CPU
		{954B6AB1-7B91-442F-BBC8-99295F34D7AB}.Debug|x86.ActiveCfg = Debug|Any CPU
		{954B6AB1-7B91-442F-BBC8-99295F34D7AB}.Debug|x86.Build.0 = Debug|Any CPU
		{954B6AB1-7B91-442F-BBC8-99295F34D7AB}.Release|Any CPU.ActiveCfg = Release|Any CPU
		{954B6AB1-7B91-442F-BBC8-99295F34D7AB}.Release|Any CPU.Build.0 = Release|Any CPU
		{954B6AB1-7B91-442F-BBC8-99295F34D7AB}.Release|ARM.ActiveCfg = Release|Any CPU
		{954B6AB1-7B91-442F-BBC8-99295F34D7AB}.Release|ARM.Build.0 = Release|Any CPU
		{954B6AB1-7B91-442F-BBC8-99295F34D7AB}.Release|x64.ActiveCfg = Release|Any CPU
		{954B6AB1-7B91-442F-BBC8-99295F34D7AB}.Release|x64.Build.0 = Release|Any CPU
		{954B6AB1-7B91-442F-BBC8-99295F34D7AB}.Release|x86.ActiveCfg = Release|Any CPU
		{954B6AB1-7B91-442F-BBC8-99295F34D7AB}.Release|x86.Build.0 = Release|Any CPU
		{077A9393-7717-4F21-B3B7-4BF9DBEC4B59}.Debug|Any CPU.ActiveCfg = Debug|Any CPU
		{077A9393-7717-4F21-B3B7-4BF9DBEC4B59}.Debug|Any CPU.Build.0 = Debug|Any CPU
		{077A9393-7717-4F21-B3B7-4BF9DBEC4B59}.Debug|ARM.ActiveCfg = Debug|Any CPU
		{077A9393-7717-4F21-B3B7-4BF9DBEC4B59}.Debug|ARM.Build.0 = Debug|Any CPU
		{077A9393-7717-4F21-B3B7-4BF9DBEC4B59}.Debug|x64.ActiveCfg = Debug|Any CPU
		{077A9393-7717-4F21-B3B7-4BF9DBEC4B59}.Debug|x64.Build.0 = Debug|Any CPU
		{077A9393-7717-4F21-B3B7-4BF9DBEC4B59}.Debug|x86.ActiveCfg = Debug|Any CPU
		{077A9393-7717-4F21-B3B7-4BF9DBEC4B59}.Debug|x86.Build.0 = Debug|Any CPU
		{077A9393-7717-4F21-B3B7-4BF9DBEC4B59}.Release|Any CPU.ActiveCfg = Release|Any CPU
		{077A9393-7717-4F21-B3B7-4BF9DBEC4B59}.Release|Any CPU.Build.0 = Release|Any CPU
		{077A9393-7717-4F21-B3B7-4BF9DBEC4B59}.Release|ARM.ActiveCfg = Release|Any CPU
		{077A9393-7717-4F21-B3B7-4BF9DBEC4B59}.Release|ARM.Build.0 = Release|Any CPU
		{077A9393-7717-4F21-B3B7-4BF9DBEC4B59}.Release|x64.ActiveCfg = Release|Any CPU
		{077A9393-7717-4F21-B3B7-4BF9DBEC4B59}.Release|x64.Build.0 = Release|Any CPU
		{077A9393-7717-4F21-B3B7-4BF9DBEC4B59}.Release|x86.ActiveCfg = Release|Any CPU
		{077A9393-7717-4F21-B3B7-4BF9DBEC4B59}.Release|x86.Build.0 = Release|Any CPU
		{1585B425-7FFA-4BC0-ACBE-904D2D53CABA}.Debug|Any CPU.ActiveCfg = Debug|Any CPU
		{1585B425-7FFA-4BC0-ACBE-904D2D53CABA}.Debug|Any CPU.Build.0 = Debug|Any CPU
		{1585B425-7FFA-4BC0-ACBE-904D2D53CABA}.Debug|ARM.ActiveCfg = Debug|Any CPU
		{1585B425-7FFA-4BC0-ACBE-904D2D53CABA}.Debug|ARM.Build.0 = Debug|Any CPU
		{1585B425-7FFA-4BC0-ACBE-904D2D53CABA}.Debug|x64.ActiveCfg = Debug|Any CPU
		{1585B425-7FFA-4BC0-ACBE-904D2D53CABA}.Debug|x64.Build.0 = Debug|Any CPU
		{1585B425-7FFA-4BC0-ACBE-904D2D53CABA}.Debug|x86.ActiveCfg = Debug|Any CPU
		{1585B425-7FFA-4BC0-ACBE-904D2D53CABA}.Debug|x86.Build.0 = Debug|Any CPU
		{1585B425-7FFA-4BC0-ACBE-904D2D53CABA}.Release|Any CPU.ActiveCfg = Release|Any CPU
		{1585B425-7FFA-4BC0-ACBE-904D2D53CABA}.Release|Any CPU.Build.0 = Release|Any CPU
		{1585B425-7FFA-4BC0-ACBE-904D2D53CABA}.Release|ARM.ActiveCfg = Release|Any CPU
		{1585B425-7FFA-4BC0-ACBE-904D2D53CABA}.Release|ARM.Build.0 = Release|Any CPU
		{1585B425-7FFA-4BC0-ACBE-904D2D53CABA}.Release|x64.ActiveCfg = Release|Any CPU
		{1585B425-7FFA-4BC0-ACBE-904D2D53CABA}.Release|x64.Build.0 = Release|Any CPU
		{1585B425-7FFA-4BC0-ACBE-904D2D53CABA}.Release|x86.ActiveCfg = Release|Any CPU
		{1585B425-7FFA-4BC0-ACBE-904D2D53CABA}.Release|x86.Build.0 = Release|Any CPU
		{154BB750-90CB-477B-80D9-1B7326E8005A}.Debug|Any CPU.ActiveCfg = Debug|Any CPU
		{154BB750-90CB-477B-80D9-1B7326E8005A}.Debug|Any CPU.Build.0 = Debug|Any CPU
		{154BB750-90CB-477B-80D9-1B7326E8005A}.Debug|ARM.ActiveCfg = Debug|Any CPU
		{154BB750-90CB-477B-80D9-1B7326E8005A}.Debug|ARM.Build.0 = Debug|Any CPU
		{154BB750-90CB-477B-80D9-1B7326E8005A}.Debug|x64.ActiveCfg = Debug|Any CPU
		{154BB750-90CB-477B-80D9-1B7326E8005A}.Debug|x64.Build.0 = Debug|Any CPU
		{154BB750-90CB-477B-80D9-1B7326E8005A}.Debug|x86.ActiveCfg = Debug|Any CPU
		{154BB750-90CB-477B-80D9-1B7326E8005A}.Debug|x86.Build.0 = Debug|Any CPU
		{154BB750-90CB-477B-80D9-1B7326E8005A}.Release|Any CPU.ActiveCfg = Release|Any CPU
		{154BB750-90CB-477B-80D9-1B7326E8005A}.Release|Any CPU.Build.0 = Release|Any CPU
		{154BB750-90CB-477B-80D9-1B7326E8005A}.Release|ARM.ActiveCfg = Release|Any CPU
		{154BB750-90CB-477B-80D9-1B7326E8005A}.Release|ARM.Build.0 = Release|Any CPU
		{154BB750-90CB-477B-80D9-1B7326E8005A}.Release|x64.ActiveCfg = Release|Any CPU
		{154BB750-90CB-477B-80D9-1B7326E8005A}.Release|x64.Build.0 = Release|Any CPU
		{154BB750-90CB-477B-80D9-1B7326E8005A}.Release|x86.ActiveCfg = Release|Any CPU
		{154BB750-90CB-477B-80D9-1B7326E8005A}.Release|x86.Build.0 = Release|Any CPU
		{017C9F8F-801C-4CED-BCF9-3F8B21FFFFF5}.Debug|Any CPU.ActiveCfg = Debug|Any CPU
		{017C9F8F-801C-4CED-BCF9-3F8B21FFFFF5}.Debug|Any CPU.Build.0 = Debug|Any CPU
		{017C9F8F-801C-4CED-BCF9-3F8B21FFFFF5}.Debug|ARM.ActiveCfg = Debug|Any CPU
		{017C9F8F-801C-4CED-BCF9-3F8B21FFFFF5}.Debug|ARM.Build.0 = Debug|Any CPU
		{017C9F8F-801C-4CED-BCF9-3F8B21FFFFF5}.Debug|x64.ActiveCfg = Debug|Any CPU
		{017C9F8F-801C-4CED-BCF9-3F8B21FFFFF5}.Debug|x64.Build.0 = Debug|Any CPU
		{017C9F8F-801C-4CED-BCF9-3F8B21FFFFF5}.Debug|x86.ActiveCfg = Debug|Any CPU
		{017C9F8F-801C-4CED-BCF9-3F8B21FFFFF5}.Debug|x86.Build.0 = Debug|Any CPU
		{017C9F8F-801C-4CED-BCF9-3F8B21FFFFF5}.Release|Any CPU.ActiveCfg = Release|Any CPU
		{017C9F8F-801C-4CED-BCF9-3F8B21FFFFF5}.Release|Any CPU.Build.0 = Release|Any CPU
		{017C9F8F-801C-4CED-BCF9-3F8B21FFFFF5}.Release|ARM.ActiveCfg = Release|Any CPU
		{017C9F8F-801C-4CED-BCF9-3F8B21FFFFF5}.Release|ARM.Build.0 = Release|Any CPU
		{017C9F8F-801C-4CED-BCF9-3F8B21FFFFF5}.Release|x64.ActiveCfg = Release|Any CPU
		{017C9F8F-801C-4CED-BCF9-3F8B21FFFFF5}.Release|x64.Build.0 = Release|Any CPU
		{017C9F8F-801C-4CED-BCF9-3F8B21FFFFF5}.Release|x86.ActiveCfg = Release|Any CPU
		{017C9F8F-801C-4CED-BCF9-3F8B21FFFFF5}.Release|x86.Build.0 = Release|Any CPU
		{F7DF448C-0DFB-499C-8B23-51C5B97D63D1}.Debug|Any CPU.ActiveCfg = Debug|Any CPU
		{F7DF448C-0DFB-499C-8B23-51C5B97D63D1}.Debug|ARM.ActiveCfg = Debug|Any CPU
		{F7DF448C-0DFB-499C-8B23-51C5B97D63D1}.Debug|x64.ActiveCfg = Debug|Any CPU
		{F7DF448C-0DFB-499C-8B23-51C5B97D63D1}.Debug|x86.ActiveCfg = Debug|Any CPU
		{F7DF448C-0DFB-499C-8B23-51C5B97D63D1}.Release|Any CPU.ActiveCfg = Release|Any CPU
		{F7DF448C-0DFB-499C-8B23-51C5B97D63D1}.Release|ARM.ActiveCfg = Release|Any CPU
		{F7DF448C-0DFB-499C-8B23-51C5B97D63D1}.Release|x64.ActiveCfg = Release|Any CPU
		{F7DF448C-0DFB-499C-8B23-51C5B97D63D1}.Release|x86.ActiveCfg = Release|Any CPU
		{F87C5D73-1E50-49EC-8AD1-71506C64F22B}.Debug|Any CPU.ActiveCfg = Debug|Any CPU
		{F87C5D73-1E50-49EC-8AD1-71506C64F22B}.Debug|Any CPU.Build.0 = Debug|Any CPU
		{F87C5D73-1E50-49EC-8AD1-71506C64F22B}.Debug|ARM.ActiveCfg = Debug|Any CPU
		{F87C5D73-1E50-49EC-8AD1-71506C64F22B}.Debug|ARM.Build.0 = Debug|Any CPU
		{F87C5D73-1E50-49EC-8AD1-71506C64F22B}.Debug|x64.ActiveCfg = Debug|Any CPU
		{F87C5D73-1E50-49EC-8AD1-71506C64F22B}.Debug|x64.Build.0 = Debug|Any CPU
		{F87C5D73-1E50-49EC-8AD1-71506C64F22B}.Debug|x86.ActiveCfg = Debug|Any CPU
		{F87C5D73-1E50-49EC-8AD1-71506C64F22B}.Debug|x86.Build.0 = Debug|Any CPU
		{F87C5D73-1E50-49EC-8AD1-71506C64F22B}.Release|Any CPU.ActiveCfg = Release|Any CPU
		{F87C5D73-1E50-49EC-8AD1-71506C64F22B}.Release|Any CPU.Build.0 = Release|Any CPU
		{F87C5D73-1E50-49EC-8AD1-71506C64F22B}.Release|ARM.ActiveCfg = Release|Any CPU
		{F87C5D73-1E50-49EC-8AD1-71506C64F22B}.Release|ARM.Build.0 = Release|Any CPU
		{F87C5D73-1E50-49EC-8AD1-71506C64F22B}.Release|x64.ActiveCfg = Release|Any CPU
		{F87C5D73-1E50-49EC-8AD1-71506C64F22B}.Release|x64.Build.0 = Release|Any CPU
		{F87C5D73-1E50-49EC-8AD1-71506C64F22B}.Release|x86.ActiveCfg = Release|Any CPU
		{F87C5D73-1E50-49EC-8AD1-71506C64F22B}.Release|x86.Build.0 = Release|Any CPU
		{F629AB7C-FC27-4FEA-B0AF-DCCB8BFEB23E}.Debug|Any CPU.ActiveCfg = Debug|Any CPU
		{F629AB7C-FC27-4FEA-B0AF-DCCB8BFEB23E}.Debug|Any CPU.Build.0 = Debug|Any CPU
		{F629AB7C-FC27-4FEA-B0AF-DCCB8BFEB23E}.Debug|ARM.ActiveCfg = Debug|Any CPU
		{F629AB7C-FC27-4FEA-B0AF-DCCB8BFEB23E}.Debug|ARM.Build.0 = Debug|Any CPU
		{F629AB7C-FC27-4FEA-B0AF-DCCB8BFEB23E}.Debug|x64.ActiveCfg = Debug|Any CPU
		{F629AB7C-FC27-4FEA-B0AF-DCCB8BFEB23E}.Debug|x64.Build.0 = Debug|Any CPU
		{F629AB7C-FC27-4FEA-B0AF-DCCB8BFEB23E}.Debug|x86.ActiveCfg = Debug|Any CPU
		{F629AB7C-FC27-4FEA-B0AF-DCCB8BFEB23E}.Debug|x86.Build.0 = Debug|Any CPU
		{F629AB7C-FC27-4FEA-B0AF-DCCB8BFEB23E}.Release|Any CPU.ActiveCfg = Release|Any CPU
		{F629AB7C-FC27-4FEA-B0AF-DCCB8BFEB23E}.Release|Any CPU.Build.0 = Release|Any CPU
		{F629AB7C-FC27-4FEA-B0AF-DCCB8BFEB23E}.Release|ARM.ActiveCfg = Release|Any CPU
		{F629AB7C-FC27-4FEA-B0AF-DCCB8BFEB23E}.Release|ARM.Build.0 = Release|Any CPU
		{F629AB7C-FC27-4FEA-B0AF-DCCB8BFEB23E}.Release|x64.ActiveCfg = Release|Any CPU
		{F629AB7C-FC27-4FEA-B0AF-DCCB8BFEB23E}.Release|x64.Build.0 = Release|Any CPU
		{F629AB7C-FC27-4FEA-B0AF-DCCB8BFEB23E}.Release|x86.ActiveCfg = Release|Any CPU
		{F629AB7C-FC27-4FEA-B0AF-DCCB8BFEB23E}.Release|x86.Build.0 = Release|Any CPU
		{BBFF5B07-F654-4553-8C49-6B488693F5D1}.Debug|Any CPU.ActiveCfg = Debug|Any CPU
		{BBFF5B07-F654-4553-8C49-6B488693F5D1}.Debug|Any CPU.Build.0 = Debug|Any CPU
		{BBFF5B07-F654-4553-8C49-6B488693F5D1}.Debug|ARM.ActiveCfg = Debug|Any CPU
		{BBFF5B07-F654-4553-8C49-6B488693F5D1}.Debug|ARM.Build.0 = Debug|Any CPU
		{BBFF5B07-F654-4553-8C49-6B488693F5D1}.Debug|x64.ActiveCfg = Debug|Any CPU
		{BBFF5B07-F654-4553-8C49-6B488693F5D1}.Debug|x64.Build.0 = Debug|Any CPU
		{BBFF5B07-F654-4553-8C49-6B488693F5D1}.Debug|x86.ActiveCfg = Debug|Any CPU
		{BBFF5B07-F654-4553-8C49-6B488693F5D1}.Debug|x86.Build.0 = Debug|Any CPU
		{BBFF5B07-F654-4553-8C49-6B488693F5D1}.Release|Any CPU.ActiveCfg = Release|Any CPU
		{BBFF5B07-F654-4553-8C49-6B488693F5D1}.Release|Any CPU.Build.0 = Release|Any CPU
		{BBFF5B07-F654-4553-8C49-6B488693F5D1}.Release|ARM.ActiveCfg = Release|Any CPU
		{BBFF5B07-F654-4553-8C49-6B488693F5D1}.Release|ARM.Build.0 = Release|Any CPU
		{BBFF5B07-F654-4553-8C49-6B488693F5D1}.Release|x64.ActiveCfg = Release|Any CPU
		{BBFF5B07-F654-4553-8C49-6B488693F5D1}.Release|x64.Build.0 = Release|Any CPU
		{BBFF5B07-F654-4553-8C49-6B488693F5D1}.Release|x86.ActiveCfg = Release|Any CPU
		{BBFF5B07-F654-4553-8C49-6B488693F5D1}.Release|x86.Build.0 = Release|Any CPU
		{AB958A06-6CC2-4945-B87E-281190AADA70}.Debug|Any CPU.ActiveCfg = Debug|Any CPU
		{AB958A06-6CC2-4945-B87E-281190AADA70}.Debug|Any CPU.Build.0 = Debug|Any CPU
		{AB958A06-6CC2-4945-B87E-281190AADA70}.Debug|ARM.ActiveCfg = Debug|Any CPU
		{AB958A06-6CC2-4945-B87E-281190AADA70}.Debug|ARM.Build.0 = Debug|Any CPU
		{AB958A06-6CC2-4945-B87E-281190AADA70}.Debug|x64.ActiveCfg = Debug|Any CPU
		{AB958A06-6CC2-4945-B87E-281190AADA70}.Debug|x64.Build.0 = Debug|Any CPU
		{AB958A06-6CC2-4945-B87E-281190AADA70}.Debug|x86.ActiveCfg = Debug|Any CPU
		{AB958A06-6CC2-4945-B87E-281190AADA70}.Debug|x86.Build.0 = Debug|Any CPU
		{AB958A06-6CC2-4945-B87E-281190AADA70}.Release|Any CPU.ActiveCfg = Release|Any CPU
		{AB958A06-6CC2-4945-B87E-281190AADA70}.Release|Any CPU.Build.0 = Release|Any CPU
		{AB958A06-6CC2-4945-B87E-281190AADA70}.Release|ARM.ActiveCfg = Release|Any CPU
		{AB958A06-6CC2-4945-B87E-281190AADA70}.Release|ARM.Build.0 = Release|Any CPU
		{AB958A06-6CC2-4945-B87E-281190AADA70}.Release|x64.ActiveCfg = Release|Any CPU
		{AB958A06-6CC2-4945-B87E-281190AADA70}.Release|x64.Build.0 = Release|Any CPU
		{AB958A06-6CC2-4945-B87E-281190AADA70}.Release|x86.ActiveCfg = Release|Any CPU
		{AB958A06-6CC2-4945-B87E-281190AADA70}.Release|x86.Build.0 = Release|Any CPU
		{164CCB9C-7199-4D10-93F0-70933F18BB81}.Debug|Any CPU.ActiveCfg = Debug|Any CPU
		{164CCB9C-7199-4D10-93F0-70933F18BB81}.Debug|Any CPU.Build.0 = Debug|Any CPU
		{164CCB9C-7199-4D10-93F0-70933F18BB81}.Debug|ARM.ActiveCfg = Debug|Any CPU
		{164CCB9C-7199-4D10-93F0-70933F18BB81}.Debug|ARM.Build.0 = Debug|Any CPU
		{164CCB9C-7199-4D10-93F0-70933F18BB81}.Debug|x64.ActiveCfg = Debug|Any CPU
		{164CCB9C-7199-4D10-93F0-70933F18BB81}.Debug|x64.Build.0 = Debug|Any CPU
		{164CCB9C-7199-4D10-93F0-70933F18BB81}.Debug|x86.ActiveCfg = Debug|Any CPU
		{164CCB9C-7199-4D10-93F0-70933F18BB81}.Debug|x86.Build.0 = Debug|Any CPU
		{164CCB9C-7199-4D10-93F0-70933F18BB81}.Release|Any CPU.ActiveCfg = Release|Any CPU
		{164CCB9C-7199-4D10-93F0-70933F18BB81}.Release|Any CPU.Build.0 = Release|Any CPU
		{164CCB9C-7199-4D10-93F0-70933F18BB81}.Release|ARM.ActiveCfg = Release|Any CPU
		{164CCB9C-7199-4D10-93F0-70933F18BB81}.Release|ARM.Build.0 = Release|Any CPU
		{164CCB9C-7199-4D10-93F0-70933F18BB81}.Release|x64.ActiveCfg = Release|Any CPU
		{164CCB9C-7199-4D10-93F0-70933F18BB81}.Release|x64.Build.0 = Release|Any CPU
		{164CCB9C-7199-4D10-93F0-70933F18BB81}.Release|x86.ActiveCfg = Release|Any CPU
		{164CCB9C-7199-4D10-93F0-70933F18BB81}.Release|x86.Build.0 = Release|Any CPU
		{0319747B-B94B-4B3B-B419-79B0D392F9C7}.Debug|Any CPU.ActiveCfg = Debug|Any CPU
		{0319747B-B94B-4B3B-B419-79B0D392F9C7}.Debug|Any CPU.Build.0 = Debug|Any CPU
		{0319747B-B94B-4B3B-B419-79B0D392F9C7}.Debug|ARM.ActiveCfg = Debug|Any CPU
		{0319747B-B94B-4B3B-B419-79B0D392F9C7}.Debug|ARM.Build.0 = Debug|Any CPU
		{0319747B-B94B-4B3B-B419-79B0D392F9C7}.Debug|x64.ActiveCfg = Debug|Any CPU
		{0319747B-B94B-4B3B-B419-79B0D392F9C7}.Debug|x64.Build.0 = Debug|Any CPU
		{0319747B-B94B-4B3B-B419-79B0D392F9C7}.Debug|x86.ActiveCfg = Debug|Any CPU
		{0319747B-B94B-4B3B-B419-79B0D392F9C7}.Debug|x86.Build.0 = Debug|Any CPU
		{0319747B-B94B-4B3B-B419-79B0D392F9C7}.Release|Any CPU.ActiveCfg = Release|Any CPU
		{0319747B-B94B-4B3B-B419-79B0D392F9C7}.Release|Any CPU.Build.0 = Release|Any CPU
		{0319747B-B94B-4B3B-B419-79B0D392F9C7}.Release|ARM.ActiveCfg = Release|Any CPU
		{0319747B-B94B-4B3B-B419-79B0D392F9C7}.Release|ARM.Build.0 = Release|Any CPU
		{0319747B-B94B-4B3B-B419-79B0D392F9C7}.Release|x64.ActiveCfg = Release|Any CPU
		{0319747B-B94B-4B3B-B419-79B0D392F9C7}.Release|x64.Build.0 = Release|Any CPU
		{0319747B-B94B-4B3B-B419-79B0D392F9C7}.Release|x86.ActiveCfg = Release|Any CPU
		{0319747B-B94B-4B3B-B419-79B0D392F9C7}.Release|x86.Build.0 = Release|Any CPU
		{E58759A4-0ED3-4BAF-A77E-157DAE42D076}.Debug|Any CPU.ActiveCfg = Debug|Any CPU
		{E58759A4-0ED3-4BAF-A77E-157DAE42D076}.Debug|Any CPU.Build.0 = Debug|Any CPU
		{E58759A4-0ED3-4BAF-A77E-157DAE42D076}.Debug|ARM.ActiveCfg = Debug|Any CPU
		{E58759A4-0ED3-4BAF-A77E-157DAE42D076}.Debug|ARM.Build.0 = Debug|Any CPU
		{E58759A4-0ED3-4BAF-A77E-157DAE42D076}.Debug|x64.ActiveCfg = Debug|Any CPU
		{E58759A4-0ED3-4BAF-A77E-157DAE42D076}.Debug|x64.Build.0 = Debug|Any CPU
		{E58759A4-0ED3-4BAF-A77E-157DAE42D076}.Debug|x86.ActiveCfg = Debug|Any CPU
		{E58759A4-0ED3-4BAF-A77E-157DAE42D076}.Debug|x86.Build.0 = Debug|Any CPU
		{E58759A4-0ED3-4BAF-A77E-157DAE42D076}.Release|Any CPU.ActiveCfg = Release|Any CPU
		{E58759A4-0ED3-4BAF-A77E-157DAE42D076}.Release|Any CPU.Build.0 = Release|Any CPU
		{E58759A4-0ED3-4BAF-A77E-157DAE42D076}.Release|ARM.ActiveCfg = Release|Any CPU
		{E58759A4-0ED3-4BAF-A77E-157DAE42D076}.Release|ARM.Build.0 = Release|Any CPU
		{E58759A4-0ED3-4BAF-A77E-157DAE42D076}.Release|x64.ActiveCfg = Release|Any CPU
		{E58759A4-0ED3-4BAF-A77E-157DAE42D076}.Release|x64.Build.0 = Release|Any CPU
		{E58759A4-0ED3-4BAF-A77E-157DAE42D076}.Release|x86.ActiveCfg = Release|Any CPU
		{E58759A4-0ED3-4BAF-A77E-157DAE42D076}.Release|x86.Build.0 = Release|Any CPU
		{44CD8D15-529D-481E-96C1-9534B9C820A8}.Debug|Any CPU.ActiveCfg = Debug|Any CPU
		{44CD8D15-529D-481E-96C1-9534B9C820A8}.Debug|Any CPU.Build.0 = Debug|Any CPU
		{44CD8D15-529D-481E-96C1-9534B9C820A8}.Debug|ARM.ActiveCfg = Debug|Any CPU
		{44CD8D15-529D-481E-96C1-9534B9C820A8}.Debug|ARM.Build.0 = Debug|Any CPU
		{44CD8D15-529D-481E-96C1-9534B9C820A8}.Debug|x64.ActiveCfg = Debug|Any CPU
		{44CD8D15-529D-481E-96C1-9534B9C820A8}.Debug|x64.Build.0 = Debug|Any CPU
		{44CD8D15-529D-481E-96C1-9534B9C820A8}.Debug|x86.ActiveCfg = Debug|Any CPU
		{44CD8D15-529D-481E-96C1-9534B9C820A8}.Debug|x86.Build.0 = Debug|Any CPU
		{44CD8D15-529D-481E-96C1-9534B9C820A8}.Release|Any CPU.ActiveCfg = Release|Any CPU
		{44CD8D15-529D-481E-96C1-9534B9C820A8}.Release|Any CPU.Build.0 = Release|Any CPU
		{44CD8D15-529D-481E-96C1-9534B9C820A8}.Release|ARM.ActiveCfg = Release|Any CPU
		{44CD8D15-529D-481E-96C1-9534B9C820A8}.Release|ARM.Build.0 = Release|Any CPU
		{44CD8D15-529D-481E-96C1-9534B9C820A8}.Release|x64.ActiveCfg = Release|Any CPU
		{44CD8D15-529D-481E-96C1-9534B9C820A8}.Release|x64.Build.0 = Release|Any CPU
		{44CD8D15-529D-481E-96C1-9534B9C820A8}.Release|x86.ActiveCfg = Release|Any CPU
		{44CD8D15-529D-481E-96C1-9534B9C820A8}.Release|x86.Build.0 = Release|Any CPU
		{443BC5E4-85A9-46AD-90DD-7167CB8A8278}.Debug|Any CPU.ActiveCfg = Debug|Any CPU
		{443BC5E4-85A9-46AD-90DD-7167CB8A8278}.Debug|Any CPU.Build.0 = Debug|Any CPU
		{443BC5E4-85A9-46AD-90DD-7167CB8A8278}.Debug|ARM.ActiveCfg = Debug|Any CPU
		{443BC5E4-85A9-46AD-90DD-7167CB8A8278}.Debug|ARM.Build.0 = Debug|Any CPU
		{443BC5E4-85A9-46AD-90DD-7167CB8A8278}.Debug|x64.ActiveCfg = Debug|Any CPU
		{443BC5E4-85A9-46AD-90DD-7167CB8A8278}.Debug|x64.Build.0 = Debug|Any CPU
		{443BC5E4-85A9-46AD-90DD-7167CB8A8278}.Debug|x86.ActiveCfg = Debug|Any CPU
		{443BC5E4-85A9-46AD-90DD-7167CB8A8278}.Debug|x86.Build.0 = Debug|Any CPU
		{443BC5E4-85A9-46AD-90DD-7167CB8A8278}.Release|Any CPU.ActiveCfg = Release|Any CPU
		{443BC5E4-85A9-46AD-90DD-7167CB8A8278}.Release|Any CPU.Build.0 = Release|Any CPU
		{443BC5E4-85A9-46AD-90DD-7167CB8A8278}.Release|ARM.ActiveCfg = Release|Any CPU
		{443BC5E4-85A9-46AD-90DD-7167CB8A8278}.Release|ARM.Build.0 = Release|Any CPU
		{443BC5E4-85A9-46AD-90DD-7167CB8A8278}.Release|x64.ActiveCfg = Release|Any CPU
		{443BC5E4-85A9-46AD-90DD-7167CB8A8278}.Release|x64.Build.0 = Release|Any CPU
		{443BC5E4-85A9-46AD-90DD-7167CB8A8278}.Release|x86.ActiveCfg = Release|Any CPU
		{443BC5E4-85A9-46AD-90DD-7167CB8A8278}.Release|x86.Build.0 = Release|Any CPU
	EndGlobalSection
	GlobalSection(SolutionProperties) = preSolution
		HideSolutionNode = FALSE
	EndGlobalSection
	GlobalSection(NestedProjects) = preSolution
		{A9E95711-7AD7-47B6-99DE-B8CC4E158DC7} = {010A4ECC-1009-4673-BBC1-1567AD2D11DF}
		{E3B82A52-7EF4-4060-A2AE-E2CB92488A47} = {692A6FC9-D6AE-4068-A973-2EAACD8BC8AC}
		{441A1D04-15D7-4084-A89F-40844663CB45} = {59A9FD8A-E42A-4F31-9E12-95BC6F2BD932}
		{954B6AB1-7B91-442F-BBC8-99295F34D7AB} = {7A9C71FA-A530-454A-B1E2-21E5D91B06A7}
		{077A9393-7717-4F21-B3B7-4BF9DBEC4B59} = {010A4ECC-1009-4673-BBC1-1567AD2D11DF}
		{1585B425-7FFA-4BC0-ACBE-904D2D53CABA} = {0C34F87D-DACB-4DD1-9341-9D5ED2B7C2FA}
		{154BB750-90CB-477B-80D9-1B7326E8005A} = {0C34F87D-DACB-4DD1-9341-9D5ED2B7C2FA}
		{017C9F8F-801C-4CED-BCF9-3F8B21FFFFF5} = {59A9FD8A-E42A-4F31-9E12-95BC6F2BD932}
		{F7DF448C-0DFB-499C-8B23-51C5B97D63D1} = {720322D4-6652-4BCB-86FD-190AF4C97DFD}
		{F87C5D73-1E50-49EC-8AD1-71506C64F22B} = {692A6FC9-D6AE-4068-A973-2EAACD8BC8AC}
		{F629AB7C-FC27-4FEA-B0AF-DCCB8BFEB23E} = {692A6FC9-D6AE-4068-A973-2EAACD8BC8AC}
		{BBFF5B07-F654-4553-8C49-6B488693F5D1} = {7A9C71FA-A530-454A-B1E2-21E5D91B06A7}
		{AB958A06-6CC2-4945-B87E-281190AADA70} = {7A9C71FA-A530-454A-B1E2-21E5D91B06A7}
		{164CCB9C-7199-4D10-93F0-70933F18BB81} = {6975B44E-DEDB-4C0F-9F4D-7D1406816A5E}
		{0319747B-B94B-4B3B-B419-79B0D392F9C7} = {720322D4-6652-4BCB-86FD-190AF4C97DFD}
		{59A9FD8A-E42A-4F31-9E12-95BC6F2BD932} = {010A4ECC-1009-4673-BBC1-1567AD2D11DF}
		{E58759A4-0ED3-4BAF-A77E-157DAE42D076} = {59A9FD8A-E42A-4F31-9E12-95BC6F2BD932}
		{7A9C71FA-A530-454A-B1E2-21E5D91B06A7} = {692A6FC9-D6AE-4068-A973-2EAACD8BC8AC}
		{44CD8D15-529D-481E-96C1-9534B9C820A8} = {7CB7DA8B-ECD0-4EF0-AE35-B89BF0AFF59C}
		{7CB7DA8B-ECD0-4EF0-AE35-B89BF0AFF59C} = {6975B44E-DEDB-4C0F-9F4D-7D1406816A5E}
		{443BC5E4-85A9-46AD-90DD-7167CB8A8278} = {6975B44E-DEDB-4C0F-9F4D-7D1406816A5E}
	EndGlobalSection
	GlobalSection(ExtensibilityGlobals) = postSolution
		SolutionGuid = {512FE18D-F01B-408E-8BAF-31F0CDE37EC1}
	EndGlobalSection
EndGlobal
