
Microsoft Visual Studio Solution File, Format Version 12.00
# Visual Studio Version 17
VisualStudioVersion = 17.2.32314.265
MinimumVisualStudioVersion = 10.0.40219.1
Project("{9A19103F-16F7-4668-BE54-9A1E7A4F7556}") = "Sample.JsonUsage", "Sample.JsonUsage.csproj", "{2358773D-2B10-4F5C-9620-3CEC846F5B6A}"
EndProject
Project("{9A19103F-16F7-4668-BE54-9A1E7A4F7556}") = "GraduatedCylinder.Json", "..\..\Source\GraduatedCylinder.Json\GraduatedCylinder.Json.csproj", "{F42BF1C6-CF39-41AC-891A-A62FAA5D2C62}"
EndProject
Global
	GlobalSection(SolutionConfigurationPlatforms) = preSolution
		Debug|Any CPU = Debug|Any CPU
		Release|Any CPU = Release|Any CPU
	EndGlobalSection
	GlobalSection(ProjectConfigurationPlatforms) = postSolution
		{2358773D-2B10-4F5C-9620-3CEC846F5B6A}.Debug|Any CPU.ActiveCfg = Debug|Any CPU
		{2358773D-2B10-4F5C-9620-3CEC846F5B6A}.Debug|Any CPU.Build.0 = Debug|Any CPU
		{2358773D-2B10-4F5C-9620-3CEC846F5B6A}.Release|Any CPU.ActiveCfg = Release|Any CPU
		{2358773D-2B10-4F5C-9620-3CEC846F5B6A}.Release|Any CPU.Build.0 = Release|Any CPU
		{F42BF1C6-CF39-41AC-891A-A62FAA5D2C62}.Debug|Any CPU.ActiveCfg = Debug|Any CPU
		{F42BF1C6-CF39-41AC-891A-A62FAA5D2C62}.Debug|Any CPU.Build.0 = Debug|Any CPU
		{F42BF1C6-CF39-41AC-891A-A62FAA5D2C62}.Release|Any CPU.ActiveCfg = Release|Any CPU
		{F42BF1C6-CF39-41AC-891A-A62FAA5D2C62}.Release|Any CPU.Build.0 = Release|Any CPU
	EndGlobalSection
	GlobalSection(SolutionProperties) = preSolution
		HideSolutionNode = FALSE
	EndGlobalSection
	GlobalSection(ExtensibilityGlobals) = postSolution
		SolutionGuid = {C5E6901C-FBC8-4B26-BD3D-E5AFC7B5F47B}
	EndGlobalSection
EndGlobal
