
Microsoft Visual Studio Solution File, Format Version 12.00
# Visual Studio 14
VisualStudioVersion = 14.0.25420.1
MinimumVisualStudioVersion = 10.0.40219.1
Project("{2150E333-8FDC-42A3-9474-1A3956D46DE8}") = "Tests", "Tests", "{A636E49C-8E08-4B13-8806-88A6401BE1DF}"
EndProject
Project("{2150E333-8FDC-42A3-9474-1A3956D46DE8}") = "GraduatedCylinder", "GraduatedCylinder", "{286A643F-8A22-4A86-94C5-9F94A0D697FA}"
	ProjectSection(SolutionItems) = preProject
		GraduatedCylinder\GraduatedCylinder.nuspec = GraduatedCylinder\GraduatedCylinder.nuspec
	EndProjectSection
EndProject
Project("{2150E333-8FDC-42A3-9474-1A3956D46DE8}") = "Samples", "Samples", "{D252CA6F-6381-485E-86F8-DE5CB1B17C66}"
EndProject
Project("{FAE04EC0-301F-11D3-BF4B-00C04F79EFBC}") = "BasicUsage [F45]", "..\Samples\BasicUsage\BasicUsage [F45].csproj", "{3829BB2F-6BEE-4A70-AC06-7B6EEEEA52D2}"
EndProject
Project("{FAE04EC0-301F-11D3-BF4B-00C04F79EFBC}") = "GraduatedCylinder [F40]", "GraduatedCylinder\Full-4.0\GraduatedCylinder [F40].csproj", "{078227ED-F8CE-494B-8613-34D40652A8F3}"
EndProject
Project("{FAE04EC0-301F-11D3-BF4B-00C04F79EFBC}") = "GraduatedCylinder [F45]", "GraduatedCylinder\Full-4.5\GraduatedCylinder [F45].csproj", "{1D38FF49-10A9-4B6A-AB1F-BE6C29EF8CA9}"
EndProject
Project("{D954291E-2A0B-460D-934E-DC6B0785DB48}") = "GraduatedCylinder (Shared)", "GraduatedCylinder\Shared\GraduatedCylinder (Shared).shproj", "{CBDDA56F-A2CE-44A8-A80A-7D3C3C076FB6}"
EndProject
Project("{2150E333-8FDC-42A3-9474-1A3956D46DE8}") = "GraduatedCylinder.Geo", "GraduatedCylinder.Geo", "{FD626AE9-2CC8-42EA-BC75-7D4962B02379}"
	ProjectSection(SolutionItems) = preProject
		GraduatedCylinder.Geo\GraduatedCylinder.Geo.nuspec = GraduatedCylinder.Geo\GraduatedCylinder.Geo.nuspec
	EndProjectSection
EndProject
Project("{FAE04EC0-301F-11D3-BF4B-00C04F79EFBC}") = "GraduatedCylinder [S50]", "GraduatedCylinder\Silverlight-5.0\GraduatedCylinder [S50].csproj", "{81E383FE-6183-4913-A376-A51ED70B0B82}"
EndProject
Project("{FAE04EC0-301F-11D3-BF4B-00C04F79EFBC}") = "GraduatedCylinder [W81]", "GraduatedCylinder\WinRT-8.1\GraduatedCylinder [W81].csproj", "{B4F0B921-A5A4-4243-8CC0-6AD5F7DA62B6}"
EndProject
Project("{FAE04EC0-301F-11D3-BF4B-00C04F79EFBC}") = "GraduatedCylinder.Geo [F40]", "GraduatedCylinder.Geo\Full-4.0\GraduatedCylinder.Geo [F40].csproj", "{89F9064D-D975-47F5-86CE-A29E5894894D}"
EndProject
Project("{FAE04EC0-301F-11D3-BF4B-00C04F79EFBC}") = "GraduatedCylinder [P81]", "GraduatedCylinder\Phone-8.1\GraduatedCylinder [P81].csproj", "{EFFBEA50-9F05-470E-B21B-DC5AEFD296B0}"
EndProject
Project("{D954291E-2A0B-460D-934E-DC6B0785DB48}") = "GraduatedCylinder (Shared.OldReflection)", "GraduatedCylinder\Shared.OldReflection\GraduatedCylinder (Shared.OldReflection).shproj", "{9FEF81DD-9F92-4136-BA8B-A147DAEE0C89}"
EndProject
Project("{D954291E-2A0B-460D-934E-DC6B0785DB48}") = "GraduatedCylinder (Shared.NewReflection)", "GraduatedCylinder\Shared.NewReflection\GraduatedCylinder (Shared.NewReflection).shproj", "{4B14607D-7282-4E0F-8633-B480DD870657}"
EndProject
Project("{D954291E-2A0B-460D-934E-DC6B0785DB48}") = "GraduatedCylinder.Geo (Shared)", "GraduatedCylinder.Geo\Shared\GraduatedCylinder.Geo (Shared).shproj", "{17A4715B-C9E3-46AB-8F65-3AAE04426448}"
EndProject
Project("{FAE04EC0-301F-11D3-BF4B-00C04F79EFBC}") = "GraduatedCylinder.Geo [F45]", "GraduatedCylinder.Geo\Full-4.5\GraduatedCylinder.Geo [F45].csproj", "{578576E0-D0A5-40B6-BCB0-964CDBB5E691}"
EndProject
Project("{FAE04EC0-301F-11D3-BF4B-00C04F79EFBC}") = "GeoDemo [F45]", "..\Samples\GeoDemo\GeoDemo [F45].csproj", "{2077BD51-5EC0-46B8-99D6-B233A96E81A8}"
EndProject
Project("{FAE04EC0-301F-11D3-BF4B-00C04F79EFBC}") = "GraduatedCylinder.Geo Specs [F45]", "GraduatedCylinder.Geo Specs\GraduatedCylinder.Geo Specs [F45].csproj", "{5FF37BCE-CC1A-453E-9F8F-4CA9EF70EB06}"
EndProject
Project("{FAE04EC0-301F-11D3-BF4B-00C04F79EFBC}") = "GraduatedCylinder Specs [F45]", "GraduatedCylinder Specs\GraduatedCylinder Specs [F45].csproj", "{78D5A11A-8988-4E6D-9094-58A29C248BDE}"
EndProject
Project("{FAE04EC0-301F-11D3-BF4B-00C04F79EFBC}") = "GraduatedCylinder [F46]", "GraduatedCylinder\Full-4.6\GraduatedCylinder [F46].csproj", "{70B695EE-E366-4D68-8842-741F31BD244B}"
EndProject
Project("{FAE04EC0-301F-11D3-BF4B-00C04F79EFBC}") = "GraduatedCylinder [W10]", "GraduatedCylinder\Win-10\GraduatedCylinder [W10].csproj", "{E737B9EA-A01C-4EFC-9FF0-0AF100C1FC42}"
EndProject
Project("{D954291E-2A0B-460D-934E-DC6B0785DB48}") = "GraduatedCylinder.Geo (Shared.SerialPort)", "GraduatedCylinder.Geo\Shared.SerialPort\GraduatedCylinder.Geo (Shared.SerialPort).shproj", "{BA6C37ED-C3BF-4D13-B556-E24AED0B4B67}"
EndProject
Project("{FAE04EC0-301F-11D3-BF4B-00C04F79EFBC}") = "GraduatedCylinder.Geo [S50]", "GraduatedCylinder.Geo\Silverlight-5.0\GraduatedCylinder.Geo [S50].csproj", "{97FA51B8-44C6-4435-ACBB-B765AB91C5BA}"
EndProject
Project("{FAE04EC0-301F-11D3-BF4B-00C04F79EFBC}") = "GraduatedCylinder.Geo [W10]", "GraduatedCylinder.Geo\Win-10\GraduatedCylinder.Geo [W10].csproj", "{CA2EE672-7D47-46E0-B729-6D8C1C9F96E0}"
EndProject
Project("{FAE04EC0-301F-11D3-BF4B-00C04F79EFBC}") = "GraduatedCylinder.Geo [F46]", "GraduatedCylinder.Geo\Full-4.6\GraduatedCylinder.Geo [F46].csproj", "{DB1A4AC3-C133-4194-B86B-F45329FDBD41}"
EndProject
Project("{FAE04EC0-301F-11D3-BF4B-00C04F79EFBC}") = "JustUnits [F46]", "..\Samples\JustUnits\JustUnits [F46].csproj", "{18C94FD4-F9E9-4810-9FAD-048F10BF4580}"
EndProject
Project("{FAE04EC0-301F-11D3-BF4B-00C04F79EFBC}") = "GraduatedCylinder [iOS]", "GraduatedCylinder\iOS\GraduatedCylinder [iOS].csproj", "{C03C7D6F-61EA-48FD-AC98-BB7BD74C493C}"
EndProject
Project("{FAE04EC0-301F-11D3-BF4B-00C04F79EFBC}") = "GraduatedCylinder [A50]", "GraduatedCylinder\Android-5.0\GraduatedCylinder [A50].csproj", "{A1B21887-C170-4572-8925-3917FF4C0C8D}"
EndProject
Project("{FAE04EC0-301F-11D3-BF4B-00C04F79EFBC}") = "GraduatedCylinder [NetStandard-1.0]", "GraduatedCylinder\NetStandard-1.0\GraduatedCylinder [NetStandard-1.0].csproj", "{FDDBC5DA-6E2E-4F08-AE76-7E2B23EE3466}"
EndProject
Project("{FAE04EC0-301F-11D3-BF4B-00C04F79EFBC}") = "GraduatedCylinder.Geo [NetStandard-1.0]", "GraduatedCylinder.Geo\NetStandard-1.0\GraduatedCylinder.Geo [NetStandard-1.0].csproj", "{6CA7836D-F2DB-4297-93F1-14C3EDB8AE4F}"
EndProject
Project("{FAE04EC0-301F-11D3-BF4B-00C04F79EFBC}") = "GraduatedCylinder.Geo [A50]", "GraduatedCylinder.Geo\Android-5.0\GraduatedCylinder.Geo [A50].csproj", "{382E02CA-EA44-448F-89CB-AF5FC3EAD7B3}"
EndProject
Project("{FAE04EC0-301F-11D3-BF4B-00C04F79EFBC}") = "GraduatedCylinder.Geo [iOS]", "GraduatedCylinder.Geo\iOS\GraduatedCylinder.Geo [iOS].csproj", "{514BFFC6-CB37-4926-B6A0-35D6986D096E}"
EndProject
Project("{FAE04EC0-301F-11D3-BF4B-00C04F79EFBC}") = "GraduatedCylinder [A60]", "GraduatedCylinder\Android-6.0\GraduatedCylinder [A60].csproj", "{37C1AAD9-1CBE-459C-997D-724D23D5B963}"
EndProject
Project("{FAE04EC0-301F-11D3-BF4B-00C04F79EFBC}") = "GraduatedCylinder.Geo [A60]", "GraduatedCylinder.Geo\Android-6.0\GraduatedCylinder.Geo [A60].csproj", "{8732E7FB-8F53-470A-A5E5-0A1A66A14139}"
EndProject
Project("{FAE04EC0-301F-11D3-BF4B-00C04F79EFBC}") = "GraduatedCylinder.Geo [P81]", "GraduatedCylinder.Geo\Phone-8.1\GraduatedCylinder.Geo [P81].csproj", "{99B72602-D691-4851-A569-825531BC3336}"
EndProject
Project("{FAE04EC0-301F-11D3-BF4B-00C04F79EFBC}") = "GraduatedCylinder.Geo [W81]", "GraduatedCylinder.Geo\WinRT-8.1\GraduatedCylinder.Geo [W81].csproj", "{641E211C-0783-4069-AC67-2BE5DB324EF8}"
EndProject
Global
	GlobalSection(SharedMSBuildProjectFiles) = preSolution
		GraduatedCylinder\Shared.OldReflection\Shared.OldReflection.projitems*{078227ed-f8ce-494b-8613-34d40652a8f3}*SharedItemsImports = 4
		GraduatedCylinder\Shared\Shared.projitems*{078227ed-f8ce-494b-8613-34d40652a8f3}*SharedItemsImports = 4
		GraduatedCylinder.Geo\Shared\Shared.projitems*{17a4715b-c9e3-46ab-8f65-3aae04426448}*SharedItemsImports = 13
		GraduatedCylinder\Shared.NewReflection\Shared.NewReflection.projitems*{1d38ff49-10a9-4b6a-ab1f-be6c29ef8ca9}*SharedItemsImports = 4
		GraduatedCylinder\Shared\Shared.projitems*{1d38ff49-10a9-4b6a-ab1f-be6c29ef8ca9}*SharedItemsImports = 4
		GraduatedCylinder\Shared.NewReflection\Shared.NewReflection.projitems*{37c1aad9-1cbe-459c-997d-724d23d5b963}*SharedItemsImports = 4
		GraduatedCylinder\Shared\Shared.projitems*{37c1aad9-1cbe-459c-997d-724d23d5b963}*SharedItemsImports = 4
		GraduatedCylinder.Geo\Shared\Shared.projitems*{382e02ca-ea44-448f-89cb-af5fc3ead7b3}*SharedItemsImports = 4
		GraduatedCylinder\Shared.NewReflection\Shared.NewReflection.projitems*{4b14607d-7282-4e0f-8633-b480dd870657}*SharedItemsImports = 13
		GraduatedCylinder.Geo\Shared\Shared.projitems*{514bffc6-cb37-4926-b6a0-35d6986d096e}*SharedItemsImports = 4
		GraduatedCylinder.Geo\Shared.SerialPort\Shared.SerialPort.projitems*{578576e0-d0a5-40b6-bcb0-964cdbb5e691}*SharedItemsImports = 4
		GraduatedCylinder.Geo\Shared\Shared.projitems*{578576e0-d0a5-40b6-bcb0-964cdbb5e691}*SharedItemsImports = 4
		GraduatedCylinder.Geo\Shared\Shared.projitems*{641e211c-0783-4069-ac67-2be5db324ef8}*SharedItemsImports = 4
		GraduatedCylinder.Geo\Shared\Shared.projitems*{6ca7836d-f2db-4297-93f1-14c3edb8ae4f}*SharedItemsImports = 4
		GraduatedCylinder\Shared.NewReflection\Shared.NewReflection.projitems*{70b695ee-e366-4d68-8842-741f31bd244b}*SharedItemsImports = 4
		GraduatedCylinder\Shared\Shared.projitems*{70b695ee-e366-4d68-8842-741f31bd244b}*SharedItemsImports = 4
		GraduatedCylinder\Shared.OldReflection\Shared.OldReflection.projitems*{81e383fe-6183-4913-a376-a51ed70b0b82}*SharedItemsImports = 4
		GraduatedCylinder\Shared\Shared.projitems*{81e383fe-6183-4913-a376-a51ed70b0b82}*SharedItemsImports = 4
		GraduatedCylinder.Geo\Shared\Shared.projitems*{8732e7fb-8f53-470a-a5e5-0a1a66a14139}*SharedItemsImports = 4
		GraduatedCylinder.Geo\Shared.SerialPort\Shared.SerialPort.projitems*{89f9064d-d975-47f5-86ce-a29e5894894d}*SharedItemsImports = 4
		GraduatedCylinder.Geo\Shared\Shared.projitems*{89f9064d-d975-47f5-86ce-a29e5894894d}*SharedItemsImports = 4
		GraduatedCylinder.Geo\Shared\Shared.projitems*{97fa51b8-44c6-4435-acbb-b765ab91c5ba}*SharedItemsImports = 4
		GraduatedCylinder.Geo\Shared\Shared.projitems*{99b72602-d691-4851-a569-825531bc3336}*SharedItemsImports = 4
		GraduatedCylinder\Shared.OldReflection\Shared.OldReflection.projitems*{9fef81dd-9f92-4136-ba8b-a147daee0c89}*SharedItemsImports = 13
		GraduatedCylinder\Shared.NewReflection\Shared.NewReflection.projitems*{a1b21887-c170-4572-8925-3917ff4c0c8d}*SharedItemsImports = 4
		GraduatedCylinder\Shared\Shared.projitems*{a1b21887-c170-4572-8925-3917ff4c0c8d}*SharedItemsImports = 4
		GraduatedCylinder\Shared.NewReflection\Shared.NewReflection.projitems*{b4f0b921-a5a4-4243-8cc0-6ad5f7da62b6}*SharedItemsImports = 4
		GraduatedCylinder\Shared\Shared.projitems*{b4f0b921-a5a4-4243-8cc0-6ad5f7da62b6}*SharedItemsImports = 4
		GraduatedCylinder.Geo\Shared.SerialPort\Shared.SerialPort.projitems*{ba6c37ed-c3bf-4d13-b556-e24aed0b4b67}*SharedItemsImports = 13
		GraduatedCylinder\Shared.NewReflection\Shared.NewReflection.projitems*{c03c7d6f-61ea-48fd-ac98-bb7bd74c493c}*SharedItemsImports = 4
		GraduatedCylinder\Shared\Shared.projitems*{c03c7d6f-61ea-48fd-ac98-bb7bd74c493c}*SharedItemsImports = 4
		GraduatedCylinder.Geo\Shared\Shared.projitems*{ca2ee672-7d47-46e0-b729-6d8c1c9f96e0}*SharedItemsImports = 4
		GraduatedCylinder\Shared\Shared.projitems*{cbdda56f-a2ce-44a8-a80a-7d3c3c076fb6}*SharedItemsImports = 13
		GraduatedCylinder.Geo\Shared.SerialPort\Shared.SerialPort.projitems*{db1a4ac3-c133-4194-b86b-f45329fdbd41}*SharedItemsImports = 4
		GraduatedCylinder.Geo\Shared\Shared.projitems*{db1a4ac3-c133-4194-b86b-f45329fdbd41}*SharedItemsImports = 4
		GraduatedCylinder\Shared.NewReflection\Shared.NewReflection.projitems*{e737b9ea-a01c-4efc-9ff0-0af100c1fc42}*SharedItemsImports = 4
		GraduatedCylinder\Shared\Shared.projitems*{e737b9ea-a01c-4efc-9ff0-0af100c1fc42}*SharedItemsImports = 4
		GraduatedCylinder\Shared.NewReflection\Shared.NewReflection.projitems*{effbea50-9f05-470e-b21b-dc5aefd296b0}*SharedItemsImports = 4
		GraduatedCylinder\Shared\Shared.projitems*{effbea50-9f05-470e-b21b-dc5aefd296b0}*SharedItemsImports = 4
		GraduatedCylinder\Shared.NewReflection\Shared.NewReflection.projitems*{fddbc5da-6e2e-4f08-ae76-7e2b23ee3466}*SharedItemsImports = 4
		GraduatedCylinder\Shared\Shared.projitems*{fddbc5da-6e2e-4f08-ae76-7e2b23ee3466}*SharedItemsImports = 4
	EndGlobalSection
	GlobalSection(SolutionConfigurationPlatforms) = preSolution
		Debug|Any CPU = Debug|Any CPU
		Debug|ARM = Debug|ARM
		Debug|x64 = Debug|x64
		Debug|x86 = Debug|x86
		Release|Any CPU = Release|Any CPU
		Release|ARM = Release|ARM
		Release|x64 = Release|x64
		Release|x86 = Release|x86
	EndGlobalSection
	GlobalSection(ProjectConfigurationPlatforms) = postSolution
		{3829BB2F-6BEE-4A70-AC06-7B6EEEEA52D2}.Debug|Any CPU.ActiveCfg = Debug|Any CPU
		{3829BB2F-6BEE-4A70-AC06-7B6EEEEA52D2}.Debug|Any CPU.Build.0 = Debug|Any CPU
		{3829BB2F-6BEE-4A70-AC06-7B6EEEEA52D2}.Debug|ARM.ActiveCfg = Debug|Any CPU
		{3829BB2F-6BEE-4A70-AC06-7B6EEEEA52D2}.Debug|x64.ActiveCfg = Debug|Any CPU
		{3829BB2F-6BEE-4A70-AC06-7B6EEEEA52D2}.Debug|x86.ActiveCfg = Debug|Any CPU
		{3829BB2F-6BEE-4A70-AC06-7B6EEEEA52D2}.Release|Any CPU.ActiveCfg = Release|Any CPU
		{3829BB2F-6BEE-4A70-AC06-7B6EEEEA52D2}.Release|Any CPU.Build.0 = Release|Any CPU
		{3829BB2F-6BEE-4A70-AC06-7B6EEEEA52D2}.Release|ARM.ActiveCfg = Release|Any CPU
		{3829BB2F-6BEE-4A70-AC06-7B6EEEEA52D2}.Release|x64.ActiveCfg = Release|Any CPU
		{3829BB2F-6BEE-4A70-AC06-7B6EEEEA52D2}.Release|x86.ActiveCfg = Release|Any CPU
		{078227ED-F8CE-494B-8613-34D40652A8F3}.Debug|Any CPU.ActiveCfg = Debug|Any CPU
		{078227ED-F8CE-494B-8613-34D40652A8F3}.Debug|Any CPU.Build.0 = Debug|Any CPU
		{078227ED-F8CE-494B-8613-34D40652A8F3}.Debug|ARM.ActiveCfg = Debug|Any CPU
		{078227ED-F8CE-494B-8613-34D40652A8F3}.Debug|x64.ActiveCfg = Debug|Any CPU
		{078227ED-F8CE-494B-8613-34D40652A8F3}.Debug|x86.ActiveCfg = Debug|Any CPU
		{078227ED-F8CE-494B-8613-34D40652A8F3}.Release|Any CPU.ActiveCfg = Release|Any CPU
		{078227ED-F8CE-494B-8613-34D40652A8F3}.Release|Any CPU.Build.0 = Release|Any CPU
		{078227ED-F8CE-494B-8613-34D40652A8F3}.Release|ARM.ActiveCfg = Release|Any CPU
		{078227ED-F8CE-494B-8613-34D40652A8F3}.Release|x64.ActiveCfg = Release|Any CPU
		{078227ED-F8CE-494B-8613-34D40652A8F3}.Release|x86.ActiveCfg = Release|Any CPU
		{1D38FF49-10A9-4B6A-AB1F-BE6C29EF8CA9}.Debug|Any CPU.ActiveCfg = Debug|Any CPU
		{1D38FF49-10A9-4B6A-AB1F-BE6C29EF8CA9}.Debug|Any CPU.Build.0 = Debug|Any CPU
		{1D38FF49-10A9-4B6A-AB1F-BE6C29EF8CA9}.Debug|ARM.ActiveCfg = Debug|Any CPU
		{1D38FF49-10A9-4B6A-AB1F-BE6C29EF8CA9}.Debug|x64.ActiveCfg = Debug|Any CPU
		{1D38FF49-10A9-4B6A-AB1F-BE6C29EF8CA9}.Debug|x86.ActiveCfg = Debug|Any CPU
		{1D38FF49-10A9-4B6A-AB1F-BE6C29EF8CA9}.Release|Any CPU.ActiveCfg = Release|Any CPU
		{1D38FF49-10A9-4B6A-AB1F-BE6C29EF8CA9}.Release|Any CPU.Build.0 = Release|Any CPU
		{1D38FF49-10A9-4B6A-AB1F-BE6C29EF8CA9}.Release|ARM.ActiveCfg = Release|Any CPU
		{1D38FF49-10A9-4B6A-AB1F-BE6C29EF8CA9}.Release|x64.ActiveCfg = Release|Any CPU
		{1D38FF49-10A9-4B6A-AB1F-BE6C29EF8CA9}.Release|x86.ActiveCfg = Release|Any CPU
		{81E383FE-6183-4913-A376-A51ED70B0B82}.Debug|Any CPU.ActiveCfg = Debug|Any CPU
		{81E383FE-6183-4913-A376-A51ED70B0B82}.Debug|Any CPU.Build.0 = Debug|Any CPU
		{81E383FE-6183-4913-A376-A51ED70B0B82}.Debug|ARM.ActiveCfg = Debug|Any CPU
		{81E383FE-6183-4913-A376-A51ED70B0B82}.Debug|x64.ActiveCfg = Debug|Any CPU
		{81E383FE-6183-4913-A376-A51ED70B0B82}.Debug|x86.ActiveCfg = Debug|Any CPU
		{81E383FE-6183-4913-A376-A51ED70B0B82}.Release|Any CPU.ActiveCfg = Release|Any CPU
		{81E383FE-6183-4913-A376-A51ED70B0B82}.Release|Any CPU.Build.0 = Release|Any CPU
		{81E383FE-6183-4913-A376-A51ED70B0B82}.Release|ARM.ActiveCfg = Release|Any CPU
		{81E383FE-6183-4913-A376-A51ED70B0B82}.Release|x64.ActiveCfg = Release|Any CPU
		{81E383FE-6183-4913-A376-A51ED70B0B82}.Release|x86.ActiveCfg = Release|Any CPU
		{B4F0B921-A5A4-4243-8CC0-6AD5F7DA62B6}.Debug|Any CPU.ActiveCfg = Debug|Any CPU
		{B4F0B921-A5A4-4243-8CC0-6AD5F7DA62B6}.Debug|Any CPU.Build.0 = Debug|Any CPU
		{B4F0B921-A5A4-4243-8CC0-6AD5F7DA62B6}.Debug|ARM.ActiveCfg = Debug|ARM
		{B4F0B921-A5A4-4243-8CC0-6AD5F7DA62B6}.Debug|ARM.Build.0 = Debug|ARM
		{B4F0B921-A5A4-4243-8CC0-6AD5F7DA62B6}.Debug|x64.ActiveCfg = Debug|x64
		{B4F0B921-A5A4-4243-8CC0-6AD5F7DA62B6}.Debug|x64.Build.0 = Debug|x64
		{B4F0B921-A5A4-4243-8CC0-6AD5F7DA62B6}.Debug|x86.ActiveCfg = Debug|x86
		{B4F0B921-A5A4-4243-8CC0-6AD5F7DA62B6}.Debug|x86.Build.0 = Debug|x86
		{B4F0B921-A5A4-4243-8CC0-6AD5F7DA62B6}.Release|Any CPU.ActiveCfg = Release|Any CPU
		{B4F0B921-A5A4-4243-8CC0-6AD5F7DA62B6}.Release|Any CPU.Build.0 = Release|Any CPU
		{B4F0B921-A5A4-4243-8CC0-6AD5F7DA62B6}.Release|ARM.ActiveCfg = Release|ARM
		{B4F0B921-A5A4-4243-8CC0-6AD5F7DA62B6}.Release|ARM.Build.0 = Release|ARM
		{B4F0B921-A5A4-4243-8CC0-6AD5F7DA62B6}.Release|x64.ActiveCfg = Release|x64
		{B4F0B921-A5A4-4243-8CC0-6AD5F7DA62B6}.Release|x64.Build.0 = Release|x64
		{B4F0B921-A5A4-4243-8CC0-6AD5F7DA62B6}.Release|x86.ActiveCfg = Release|x86
		{B4F0B921-A5A4-4243-8CC0-6AD5F7DA62B6}.Release|x86.Build.0 = Release|x86
		{89F9064D-D975-47F5-86CE-A29E5894894D}.Debug|Any CPU.ActiveCfg = Debug|Any CPU
		{89F9064D-D975-47F5-86CE-A29E5894894D}.Debug|Any CPU.Build.0 = Debug|Any CPU
		{89F9064D-D975-47F5-86CE-A29E5894894D}.Debug|ARM.ActiveCfg = Debug|Any CPU
		{89F9064D-D975-47F5-86CE-A29E5894894D}.Debug|x64.ActiveCfg = Debug|Any CPU
		{89F9064D-D975-47F5-86CE-A29E5894894D}.Debug|x86.ActiveCfg = Debug|Any CPU
		{89F9064D-D975-47F5-86CE-A29E5894894D}.Release|Any CPU.ActiveCfg = Release|Any CPU
		{89F9064D-D975-47F5-86CE-A29E5894894D}.Release|Any CPU.Build.0 = Release|Any CPU
		{89F9064D-D975-47F5-86CE-A29E5894894D}.Release|ARM.ActiveCfg = Release|Any CPU
		{89F9064D-D975-47F5-86CE-A29E5894894D}.Release|x64.ActiveCfg = Release|Any CPU
		{89F9064D-D975-47F5-86CE-A29E5894894D}.Release|x86.ActiveCfg = Release|Any CPU
		{EFFBEA50-9F05-470E-B21B-DC5AEFD296B0}.Debug|Any CPU.ActiveCfg = Debug|Any CPU
		{EFFBEA50-9F05-470E-B21B-DC5AEFD296B0}.Debug|Any CPU.Build.0 = Debug|Any CPU
		{EFFBEA50-9F05-470E-B21B-DC5AEFD296B0}.Debug|ARM.ActiveCfg = Debug|ARM
		{EFFBEA50-9F05-470E-B21B-DC5AEFD296B0}.Debug|ARM.Build.0 = Debug|ARM
		{EFFBEA50-9F05-470E-B21B-DC5AEFD296B0}.Debug|x64.ActiveCfg = Debug|Any CPU
		{EFFBEA50-9F05-470E-B21B-DC5AEFD296B0}.Debug|x86.ActiveCfg = Debug|x86
		{EFFBEA50-9F05-470E-B21B-DC5AEFD296B0}.Debug|x86.Build.0 = Debug|x86
		{EFFBEA50-9F05-470E-B21B-DC5AEFD296B0}.Release|Any CPU.ActiveCfg = Release|Any CPU
		{EFFBEA50-9F05-470E-B21B-DC5AEFD296B0}.Release|Any CPU.Build.0 = Release|Any CPU
		{EFFBEA50-9F05-470E-B21B-DC5AEFD296B0}.Release|ARM.ActiveCfg = Release|ARM
		{EFFBEA50-9F05-470E-B21B-DC5AEFD296B0}.Release|ARM.Build.0 = Release|ARM
		{EFFBEA50-9F05-470E-B21B-DC5AEFD296B0}.Release|x64.ActiveCfg = Release|Any CPU
		{EFFBEA50-9F05-470E-B21B-DC5AEFD296B0}.Release|x86.ActiveCfg = Release|x86
		{EFFBEA50-9F05-470E-B21B-DC5AEFD296B0}.Release|x86.Build.0 = Release|x86
		{578576E0-D0A5-40B6-BCB0-964CDBB5E691}.Debug|Any CPU.ActiveCfg = Debug|Any CPU
		{578576E0-D0A5-40B6-BCB0-964CDBB5E691}.Debug|Any CPU.Build.0 = Debug|Any CPU
		{578576E0-D0A5-40B6-BCB0-964CDBB5E691}.Debug|ARM.ActiveCfg = Debug|Any CPU
		{578576E0-D0A5-40B6-BCB0-964CDBB5E691}.Debug|x64.ActiveCfg = Debug|Any CPU
		{578576E0-D0A5-40B6-BCB0-964CDBB5E691}.Debug|x86.ActiveCfg = Debug|Any CPU
		{578576E0-D0A5-40B6-BCB0-964CDBB5E691}.Release|Any CPU.ActiveCfg = Release|Any CPU
		{578576E0-D0A5-40B6-BCB0-964CDBB5E691}.Release|Any CPU.Build.0 = Release|Any CPU
		{578576E0-D0A5-40B6-BCB0-964CDBB5E691}.Release|ARM.ActiveCfg = Release|Any CPU
		{578576E0-D0A5-40B6-BCB0-964CDBB5E691}.Release|x64.ActiveCfg = Release|Any CPU
		{578576E0-D0A5-40B6-BCB0-964CDBB5E691}.Release|x86.ActiveCfg = Release|Any CPU
		{2077BD51-5EC0-46B8-99D6-B233A96E81A8}.Debug|Any CPU.ActiveCfg = Debug|Any CPU
		{2077BD51-5EC0-46B8-99D6-B233A96E81A8}.Debug|Any CPU.Build.0 = Debug|Any CPU
		{2077BD51-5EC0-46B8-99D6-B233A96E81A8}.Debug|ARM.ActiveCfg = Debug|Any CPU
		{2077BD51-5EC0-46B8-99D6-B233A96E81A8}.Debug|x64.ActiveCfg = Debug|Any CPU
		{2077BD51-5EC0-46B8-99D6-B233A96E81A8}.Debug|x86.ActiveCfg = Debug|Any CPU
		{2077BD51-5EC0-46B8-99D6-B233A96E81A8}.Release|Any CPU.ActiveCfg = Release|Any CPU
		{2077BD51-5EC0-46B8-99D6-B233A96E81A8}.Release|Any CPU.Build.0 = Release|Any CPU
		{2077BD51-5EC0-46B8-99D6-B233A96E81A8}.Release|ARM.ActiveCfg = Release|Any CPU
		{2077BD51-5EC0-46B8-99D6-B233A96E81A8}.Release|x64.ActiveCfg = Release|Any CPU
		{2077BD51-5EC0-46B8-99D6-B233A96E81A8}.Release|x86.ActiveCfg = Release|Any CPU
		{5FF37BCE-CC1A-453E-9F8F-4CA9EF70EB06}.Debug|Any CPU.ActiveCfg = Debug|Any CPU
		{5FF37BCE-CC1A-453E-9F8F-4CA9EF70EB06}.Debug|Any CPU.Build.0 = Debug|Any CPU
		{5FF37BCE-CC1A-453E-9F8F-4CA9EF70EB06}.Debug|ARM.ActiveCfg = Debug|Any CPU
		{5FF37BCE-CC1A-453E-9F8F-4CA9EF70EB06}.Debug|x64.ActiveCfg = Debug|Any CPU
		{5FF37BCE-CC1A-453E-9F8F-4CA9EF70EB06}.Debug|x86.ActiveCfg = Debug|Any CPU
		{5FF37BCE-CC1A-453E-9F8F-4CA9EF70EB06}.Release|Any CPU.ActiveCfg = Release|Any CPU
		{5FF37BCE-CC1A-453E-9F8F-4CA9EF70EB06}.Release|Any CPU.Build.0 = Release|Any CPU
		{5FF37BCE-CC1A-453E-9F8F-4CA9EF70EB06}.Release|ARM.ActiveCfg = Release|Any CPU
		{5FF37BCE-CC1A-453E-9F8F-4CA9EF70EB06}.Release|x64.ActiveCfg = Release|Any CPU
		{5FF37BCE-CC1A-453E-9F8F-4CA9EF70EB06}.Release|x86.ActiveCfg = Release|Any CPU
		{78D5A11A-8988-4E6D-9094-58A29C248BDE}.Debug|Any CPU.ActiveCfg = Debug|Any CPU
		{78D5A11A-8988-4E6D-9094-58A29C248BDE}.Debug|Any CPU.Build.0 = Debug|Any CPU
		{78D5A11A-8988-4E6D-9094-58A29C248BDE}.Debug|ARM.ActiveCfg = Debug|Any CPU
		{78D5A11A-8988-4E6D-9094-58A29C248BDE}.Debug|x64.ActiveCfg = Debug|Any CPU
		{78D5A11A-8988-4E6D-9094-58A29C248BDE}.Debug|x86.ActiveCfg = Debug|Any CPU
		{78D5A11A-8988-4E6D-9094-58A29C248BDE}.Release|Any CPU.ActiveCfg = Release|Any CPU
		{78D5A11A-8988-4E6D-9094-58A29C248BDE}.Release|Any CPU.Build.0 = Release|Any CPU
		{78D5A11A-8988-4E6D-9094-58A29C248BDE}.Release|ARM.ActiveCfg = Release|Any CPU
		{78D5A11A-8988-4E6D-9094-58A29C248BDE}.Release|x64.ActiveCfg = Release|Any CPU
		{78D5A11A-8988-4E6D-9094-58A29C248BDE}.Release|x86.ActiveCfg = Release|Any CPU
		{70B695EE-E366-4D68-8842-741F31BD244B}.Debug|Any CPU.ActiveCfg = Debug|Any CPU
		{70B695EE-E366-4D68-8842-741F31BD244B}.Debug|Any CPU.Build.0 = Debug|Any CPU
		{70B695EE-E366-4D68-8842-741F31BD244B}.Debug|ARM.ActiveCfg = Debug|Any CPU
		{70B695EE-E366-4D68-8842-741F31BD244B}.Debug|x64.ActiveCfg = Debug|Any CPU
		{70B695EE-E366-4D68-8842-741F31BD244B}.Debug|x86.ActiveCfg = Debug|Any CPU
		{70B695EE-E366-4D68-8842-741F31BD244B}.Release|Any CPU.ActiveCfg = Release|Any CPU
		{70B695EE-E366-4D68-8842-741F31BD244B}.Release|Any CPU.Build.0 = Release|Any CPU
		{70B695EE-E366-4D68-8842-741F31BD244B}.Release|ARM.ActiveCfg = Release|Any CPU
		{70B695EE-E366-4D68-8842-741F31BD244B}.Release|x64.ActiveCfg = Release|Any CPU
		{70B695EE-E366-4D68-8842-741F31BD244B}.Release|x86.ActiveCfg = Release|Any CPU
		{E737B9EA-A01C-4EFC-9FF0-0AF100C1FC42}.Debug|Any CPU.ActiveCfg = Debug|Any CPU
		{E737B9EA-A01C-4EFC-9FF0-0AF100C1FC42}.Debug|Any CPU.Build.0 = Debug|Any CPU
		{E737B9EA-A01C-4EFC-9FF0-0AF100C1FC42}.Debug|ARM.ActiveCfg = Debug|ARM
		{E737B9EA-A01C-4EFC-9FF0-0AF100C1FC42}.Debug|ARM.Build.0 = Debug|ARM
		{E737B9EA-A01C-4EFC-9FF0-0AF100C1FC42}.Debug|x64.ActiveCfg = Debug|x64
		{E737B9EA-A01C-4EFC-9FF0-0AF100C1FC42}.Debug|x64.Build.0 = Debug|x64
		{E737B9EA-A01C-4EFC-9FF0-0AF100C1FC42}.Debug|x86.ActiveCfg = Debug|x86
		{E737B9EA-A01C-4EFC-9FF0-0AF100C1FC42}.Debug|x86.Build.0 = Debug|x86
		{E737B9EA-A01C-4EFC-9FF0-0AF100C1FC42}.Release|Any CPU.ActiveCfg = Release|Any CPU
		{E737B9EA-A01C-4EFC-9FF0-0AF100C1FC42}.Release|Any CPU.Build.0 = Release|Any CPU
		{E737B9EA-A01C-4EFC-9FF0-0AF100C1FC42}.Release|ARM.ActiveCfg = Release|ARM
		{E737B9EA-A01C-4EFC-9FF0-0AF100C1FC42}.Release|ARM.Build.0 = Release|ARM
		{E737B9EA-A01C-4EFC-9FF0-0AF100C1FC42}.Release|x64.ActiveCfg = Release|x64
		{E737B9EA-A01C-4EFC-9FF0-0AF100C1FC42}.Release|x64.Build.0 = Release|x64
		{E737B9EA-A01C-4EFC-9FF0-0AF100C1FC42}.Release|x86.ActiveCfg = Release|x86
		{E737B9EA-A01C-4EFC-9FF0-0AF100C1FC42}.Release|x86.Build.0 = Release|x86
		{97FA51B8-44C6-4435-ACBB-B765AB91C5BA}.Debug|Any CPU.ActiveCfg = Debug|Any CPU
		{97FA51B8-44C6-4435-ACBB-B765AB91C5BA}.Debug|Any CPU.Build.0 = Debug|Any CPU
		{97FA51B8-44C6-4435-ACBB-B765AB91C5BA}.Debug|ARM.ActiveCfg = Debug|Any CPU
		{97FA51B8-44C6-4435-ACBB-B765AB91C5BA}.Debug|ARM.Build.0 = Debug|Any CPU
		{97FA51B8-44C6-4435-ACBB-B765AB91C5BA}.Debug|x64.ActiveCfg = Debug|Any CPU
		{97FA51B8-44C6-4435-ACBB-B765AB91C5BA}.Debug|x64.Build.0 = Debug|Any CPU
		{97FA51B8-44C6-4435-ACBB-B765AB91C5BA}.Debug|x86.ActiveCfg = Debug|Any CPU
		{97FA51B8-44C6-4435-ACBB-B765AB91C5BA}.Debug|x86.Build.0 = Debug|Any CPU
		{97FA51B8-44C6-4435-ACBB-B765AB91C5BA}.Release|Any CPU.ActiveCfg = Release|Any CPU
		{97FA51B8-44C6-4435-ACBB-B765AB91C5BA}.Release|Any CPU.Build.0 = Release|Any CPU
		{97FA51B8-44C6-4435-ACBB-B765AB91C5BA}.Release|ARM.ActiveCfg = Release|Any CPU
		{97FA51B8-44C6-4435-ACBB-B765AB91C5BA}.Release|ARM.Build.0 = Release|Any CPU
		{97FA51B8-44C6-4435-ACBB-B765AB91C5BA}.Release|x64.ActiveCfg = Release|Any CPU
		{97FA51B8-44C6-4435-ACBB-B765AB91C5BA}.Release|x64.Build.0 = Release|Any CPU
		{97FA51B8-44C6-4435-ACBB-B765AB91C5BA}.Release|x86.ActiveCfg = Release|Any CPU
		{97FA51B8-44C6-4435-ACBB-B765AB91C5BA}.Release|x86.Build.0 = Release|Any CPU
		{CA2EE672-7D47-46E0-B729-6D8C1C9F96E0}.Debug|Any CPU.ActiveCfg = Debug|Any CPU
		{CA2EE672-7D47-46E0-B729-6D8C1C9F96E0}.Debug|Any CPU.Build.0 = Debug|Any CPU
		{CA2EE672-7D47-46E0-B729-6D8C1C9F96E0}.Debug|ARM.ActiveCfg = Debug|ARM
		{CA2EE672-7D47-46E0-B729-6D8C1C9F96E0}.Debug|ARM.Build.0 = Debug|ARM
		{CA2EE672-7D47-46E0-B729-6D8C1C9F96E0}.Debug|x64.ActiveCfg = Debug|x64
		{CA2EE672-7D47-46E0-B729-6D8C1C9F96E0}.Debug|x64.Build.0 = Debug|x64
		{CA2EE672-7D47-46E0-B729-6D8C1C9F96E0}.Debug|x86.ActiveCfg = Debug|x86
		{CA2EE672-7D47-46E0-B729-6D8C1C9F96E0}.Debug|x86.Build.0 = Debug|x86
		{CA2EE672-7D47-46E0-B729-6D8C1C9F96E0}.Release|Any CPU.ActiveCfg = Release|Any CPU
		{CA2EE672-7D47-46E0-B729-6D8C1C9F96E0}.Release|Any CPU.Build.0 = Release|Any CPU
		{CA2EE672-7D47-46E0-B729-6D8C1C9F96E0}.Release|ARM.ActiveCfg = Release|ARM
		{CA2EE672-7D47-46E0-B729-6D8C1C9F96E0}.Release|ARM.Build.0 = Release|ARM
		{CA2EE672-7D47-46E0-B729-6D8C1C9F96E0}.Release|x64.ActiveCfg = Release|x64
		{CA2EE672-7D47-46E0-B729-6D8C1C9F96E0}.Release|x64.Build.0 = Release|x64
		{CA2EE672-7D47-46E0-B729-6D8C1C9F96E0}.Release|x86.ActiveCfg = Release|x86
		{CA2EE672-7D47-46E0-B729-6D8C1C9F96E0}.Release|x86.Build.0 = Release|x86
		{DB1A4AC3-C133-4194-B86B-F45329FDBD41}.Debug|Any CPU.ActiveCfg = Debug|Any CPU
		{DB1A4AC3-C133-4194-B86B-F45329FDBD41}.Debug|Any CPU.Build.0 = Debug|Any CPU
		{DB1A4AC3-C133-4194-B86B-F45329FDBD41}.Debug|ARM.ActiveCfg = Debug|Any CPU
		{DB1A4AC3-C133-4194-B86B-F45329FDBD41}.Debug|ARM.Build.0 = Debug|Any CPU
		{DB1A4AC3-C133-4194-B86B-F45329FDBD41}.Debug|x64.ActiveCfg = Debug|Any CPU
		{DB1A4AC3-C133-4194-B86B-F45329FDBD41}.Debug|x64.Build.0 = Debug|Any CPU
		{DB1A4AC3-C133-4194-B86B-F45329FDBD41}.Debug|x86.ActiveCfg = Debug|Any CPU
		{DB1A4AC3-C133-4194-B86B-F45329FDBD41}.Debug|x86.Build.0 = Debug|Any CPU
		{DB1A4AC3-C133-4194-B86B-F45329FDBD41}.Release|Any CPU.ActiveCfg = Release|Any CPU
		{DB1A4AC3-C133-4194-B86B-F45329FDBD41}.Release|Any CPU.Build.0 = Release|Any CPU
		{DB1A4AC3-C133-4194-B86B-F45329FDBD41}.Release|ARM.ActiveCfg = Release|Any CPU
		{DB1A4AC3-C133-4194-B86B-F45329FDBD41}.Release|ARM.Build.0 = Release|Any CPU
		{DB1A4AC3-C133-4194-B86B-F45329FDBD41}.Release|x64.ActiveCfg = Release|Any CPU
		{DB1A4AC3-C133-4194-B86B-F45329FDBD41}.Release|x64.Build.0 = Release|Any CPU
		{DB1A4AC3-C133-4194-B86B-F45329FDBD41}.Release|x86.ActiveCfg = Release|Any CPU
		{DB1A4AC3-C133-4194-B86B-F45329FDBD41}.Release|x86.Build.0 = Release|Any CPU
		{18C94FD4-F9E9-4810-9FAD-048F10BF4580}.Debug|Any CPU.ActiveCfg = Debug|Any CPU
		{18C94FD4-F9E9-4810-9FAD-048F10BF4580}.Debug|Any CPU.Build.0 = Debug|Any CPU
		{18C94FD4-F9E9-4810-9FAD-048F10BF4580}.Debug|ARM.ActiveCfg = Debug|Any CPU
		{18C94FD4-F9E9-4810-9FAD-048F10BF4580}.Debug|ARM.Build.0 = Debug|Any CPU
		{18C94FD4-F9E9-4810-9FAD-048F10BF4580}.Debug|x64.ActiveCfg = Debug|Any CPU
		{18C94FD4-F9E9-4810-9FAD-048F10BF4580}.Debug|x64.Build.0 = Debug|Any CPU
		{18C94FD4-F9E9-4810-9FAD-048F10BF4580}.Debug|x86.ActiveCfg = Debug|Any CPU
		{18C94FD4-F9E9-4810-9FAD-048F10BF4580}.Debug|x86.Build.0 = Debug|Any CPU
		{18C94FD4-F9E9-4810-9FAD-048F10BF4580}.Release|Any CPU.ActiveCfg = Release|Any CPU
		{18C94FD4-F9E9-4810-9FAD-048F10BF4580}.Release|Any CPU.Build.0 = Release|Any CPU
		{18C94FD4-F9E9-4810-9FAD-048F10BF4580}.Release|ARM.ActiveCfg = Release|Any CPU
		{18C94FD4-F9E9-4810-9FAD-048F10BF4580}.Release|ARM.Build.0 = Release|Any CPU
		{18C94FD4-F9E9-4810-9FAD-048F10BF4580}.Release|x64.ActiveCfg = Release|Any CPU
		{18C94FD4-F9E9-4810-9FAD-048F10BF4580}.Release|x64.Build.0 = Release|Any CPU
		{18C94FD4-F9E9-4810-9FAD-048F10BF4580}.Release|x86.ActiveCfg = Release|Any CPU
		{18C94FD4-F9E9-4810-9FAD-048F10BF4580}.Release|x86.Build.0 = Release|Any CPU
		{C03C7D6F-61EA-48FD-AC98-BB7BD74C493C}.Debug|Any CPU.ActiveCfg = Debug|Any CPU
		{C03C7D6F-61EA-48FD-AC98-BB7BD74C493C}.Debug|Any CPU.Build.0 = Debug|Any CPU
		{C03C7D6F-61EA-48FD-AC98-BB7BD74C493C}.Debug|ARM.ActiveCfg = Debug|Any CPU
		{C03C7D6F-61EA-48FD-AC98-BB7BD74C493C}.Debug|ARM.Build.0 = Debug|Any CPU
		{C03C7D6F-61EA-48FD-AC98-BB7BD74C493C}.Debug|x64.ActiveCfg = Debug|Any CPU
		{C03C7D6F-61EA-48FD-AC98-BB7BD74C493C}.Debug|x64.Build.0 = Debug|Any CPU
		{C03C7D6F-61EA-48FD-AC98-BB7BD74C493C}.Debug|x86.ActiveCfg = Debug|Any CPU
		{C03C7D6F-61EA-48FD-AC98-BB7BD74C493C}.Debug|x86.Build.0 = Debug|Any CPU
		{C03C7D6F-61EA-48FD-AC98-BB7BD74C493C}.Release|Any CPU.ActiveCfg = Release|Any CPU
		{C03C7D6F-61EA-48FD-AC98-BB7BD74C493C}.Release|Any CPU.Build.0 = Release|Any CPU
		{C03C7D6F-61EA-48FD-AC98-BB7BD74C493C}.Release|ARM.ActiveCfg = Release|Any CPU
		{C03C7D6F-61EA-48FD-AC98-BB7BD74C493C}.Release|ARM.Build.0 = Release|Any CPU
		{C03C7D6F-61EA-48FD-AC98-BB7BD74C493C}.Release|x64.ActiveCfg = Release|Any CPU
		{C03C7D6F-61EA-48FD-AC98-BB7BD74C493C}.Release|x64.Build.0 = Release|Any CPU
		{C03C7D6F-61EA-48FD-AC98-BB7BD74C493C}.Release|x86.ActiveCfg = Release|Any CPU
		{C03C7D6F-61EA-48FD-AC98-BB7BD74C493C}.Release|x86.Build.0 = Release|Any CPU
		{A1B21887-C170-4572-8925-3917FF4C0C8D}.Debug|Any CPU.ActiveCfg = Debug|Any CPU
		{A1B21887-C170-4572-8925-3917FF4C0C8D}.Debug|Any CPU.Build.0 = Debug|Any CPU
		{A1B21887-C170-4572-8925-3917FF4C0C8D}.Debug|ARM.ActiveCfg = Debug|Any CPU
		{A1B21887-C170-4572-8925-3917FF4C0C8D}.Debug|ARM.Build.0 = Debug|Any CPU
		{A1B21887-C170-4572-8925-3917FF4C0C8D}.Debug|x64.ActiveCfg = Debug|Any CPU
		{A1B21887-C170-4572-8925-3917FF4C0C8D}.Debug|x64.Build.0 = Debug|Any CPU
		{A1B21887-C170-4572-8925-3917FF4C0C8D}.Debug|x86.ActiveCfg = Debug|Any CPU
		{A1B21887-C170-4572-8925-3917FF4C0C8D}.Debug|x86.Build.0 = Debug|Any CPU
		{A1B21887-C170-4572-8925-3917FF4C0C8D}.Release|Any CPU.ActiveCfg = Release|Any CPU
		{A1B21887-C170-4572-8925-3917FF4C0C8D}.Release|Any CPU.Build.0 = Release|Any CPU
		{A1B21887-C170-4572-8925-3917FF4C0C8D}.Release|ARM.ActiveCfg = Release|Any CPU
		{A1B21887-C170-4572-8925-3917FF4C0C8D}.Release|ARM.Build.0 = Release|Any CPU
		{A1B21887-C170-4572-8925-3917FF4C0C8D}.Release|x64.ActiveCfg = Release|Any CPU
		{A1B21887-C170-4572-8925-3917FF4C0C8D}.Release|x64.Build.0 = Release|Any CPU
		{A1B21887-C170-4572-8925-3917FF4C0C8D}.Release|x86.ActiveCfg = Release|Any CPU
		{A1B21887-C170-4572-8925-3917FF4C0C8D}.Release|x86.Build.0 = Release|Any CPU
		{FDDBC5DA-6E2E-4F08-AE76-7E2B23EE3466}.Debug|Any CPU.ActiveCfg = Debug|Any CPU
		{FDDBC5DA-6E2E-4F08-AE76-7E2B23EE3466}.Debug|Any CPU.Build.0 = Debug|Any CPU
		{FDDBC5DA-6E2E-4F08-AE76-7E2B23EE3466}.Debug|ARM.ActiveCfg = Debug|Any CPU
		{FDDBC5DA-6E2E-4F08-AE76-7E2B23EE3466}.Debug|ARM.Build.0 = Debug|Any CPU
		{FDDBC5DA-6E2E-4F08-AE76-7E2B23EE3466}.Debug|x64.ActiveCfg = Debug|Any CPU
		{FDDBC5DA-6E2E-4F08-AE76-7E2B23EE3466}.Debug|x64.Build.0 = Debug|Any CPU
		{FDDBC5DA-6E2E-4F08-AE76-7E2B23EE3466}.Debug|x86.ActiveCfg = Debug|Any CPU
		{FDDBC5DA-6E2E-4F08-AE76-7E2B23EE3466}.Debug|x86.Build.0 = Debug|Any CPU
		{FDDBC5DA-6E2E-4F08-AE76-7E2B23EE3466}.Release|Any CPU.ActiveCfg = Release|Any CPU
		{FDDBC5DA-6E2E-4F08-AE76-7E2B23EE3466}.Release|Any CPU.Build.0 = Release|Any CPU
		{FDDBC5DA-6E2E-4F08-AE76-7E2B23EE3466}.Release|ARM.ActiveCfg = Release|Any CPU
		{FDDBC5DA-6E2E-4F08-AE76-7E2B23EE3466}.Release|ARM.Build.0 = Release|Any CPU
		{FDDBC5DA-6E2E-4F08-AE76-7E2B23EE3466}.Release|x64.ActiveCfg = Release|Any CPU
		{FDDBC5DA-6E2E-4F08-AE76-7E2B23EE3466}.Release|x64.Build.0 = Release|Any CPU
		{FDDBC5DA-6E2E-4F08-AE76-7E2B23EE3466}.Release|x86.ActiveCfg = Release|Any CPU
		{FDDBC5DA-6E2E-4F08-AE76-7E2B23EE3466}.Release|x86.Build.0 = Release|Any CPU
		{6CA7836D-F2DB-4297-93F1-14C3EDB8AE4F}.Debug|Any CPU.ActiveCfg = Debug|Any CPU
		{6CA7836D-F2DB-4297-93F1-14C3EDB8AE4F}.Debug|Any CPU.Build.0 = Debug|Any CPU
		{6CA7836D-F2DB-4297-93F1-14C3EDB8AE4F}.Debug|ARM.ActiveCfg = Debug|Any CPU
		{6CA7836D-F2DB-4297-93F1-14C3EDB8AE4F}.Debug|ARM.Build.0 = Debug|Any CPU
		{6CA7836D-F2DB-4297-93F1-14C3EDB8AE4F}.Debug|x64.ActiveCfg = Debug|Any CPU
		{6CA7836D-F2DB-4297-93F1-14C3EDB8AE4F}.Debug|x64.Build.0 = Debug|Any CPU
		{6CA7836D-F2DB-4297-93F1-14C3EDB8AE4F}.Debug|x86.ActiveCfg = Debug|Any CPU
		{6CA7836D-F2DB-4297-93F1-14C3EDB8AE4F}.Debug|x86.Build.0 = Debug|Any CPU
		{6CA7836D-F2DB-4297-93F1-14C3EDB8AE4F}.Release|Any CPU.ActiveCfg = Release|Any CPU
		{6CA7836D-F2DB-4297-93F1-14C3EDB8AE4F}.Release|Any CPU.Build.0 = Release|Any CPU
		{6CA7836D-F2DB-4297-93F1-14C3EDB8AE4F}.Release|ARM.ActiveCfg = Release|Any CPU
		{6CA7836D-F2DB-4297-93F1-14C3EDB8AE4F}.Release|ARM.Build.0 = Release|Any CPU
		{6CA7836D-F2DB-4297-93F1-14C3EDB8AE4F}.Release|x64.ActiveCfg = Release|Any CPU
		{6CA7836D-F2DB-4297-93F1-14C3EDB8AE4F}.Release|x64.Build.0 = Release|Any CPU
		{6CA7836D-F2DB-4297-93F1-14C3EDB8AE4F}.Release|x86.ActiveCfg = Release|Any CPU
		{6CA7836D-F2DB-4297-93F1-14C3EDB8AE4F}.Release|x86.Build.0 = Release|Any CPU
		{382E02CA-EA44-448F-89CB-AF5FC3EAD7B3}.Debug|Any CPU.ActiveCfg = Debug|Any CPU
		{382E02CA-EA44-448F-89CB-AF5FC3EAD7B3}.Debug|Any CPU.Build.0 = Debug|Any CPU
		{382E02CA-EA44-448F-89CB-AF5FC3EAD7B3}.Debug|ARM.ActiveCfg = Debug|Any CPU
		{382E02CA-EA44-448F-89CB-AF5FC3EAD7B3}.Debug|ARM.Build.0 = Debug|Any CPU
		{382E02CA-EA44-448F-89CB-AF5FC3EAD7B3}.Debug|x64.ActiveCfg = Debug|Any CPU
		{382E02CA-EA44-448F-89CB-AF5FC3EAD7B3}.Debug|x64.Build.0 = Debug|Any CPU
		{382E02CA-EA44-448F-89CB-AF5FC3EAD7B3}.Debug|x86.ActiveCfg = Debug|Any CPU
		{382E02CA-EA44-448F-89CB-AF5FC3EAD7B3}.Debug|x86.Build.0 = Debug|Any CPU
		{382E02CA-EA44-448F-89CB-AF5FC3EAD7B3}.Release|Any CPU.ActiveCfg = Release|Any CPU
		{382E02CA-EA44-448F-89CB-AF5FC3EAD7B3}.Release|Any CPU.Build.0 = Release|Any CPU
		{382E02CA-EA44-448F-89CB-AF5FC3EAD7B3}.Release|ARM.ActiveCfg = Release|Any CPU
		{382E02CA-EA44-448F-89CB-AF5FC3EAD7B3}.Release|ARM.Build.0 = Release|Any CPU
		{382E02CA-EA44-448F-89CB-AF5FC3EAD7B3}.Release|x64.ActiveCfg = Release|Any CPU
		{382E02CA-EA44-448F-89CB-AF5FC3EAD7B3}.Release|x64.Build.0 = Release|Any CPU
		{382E02CA-EA44-448F-89CB-AF5FC3EAD7B3}.Release|x86.ActiveCfg = Release|Any CPU
		{382E02CA-EA44-448F-89CB-AF5FC3EAD7B3}.Release|x86.Build.0 = Release|Any CPU
		{514BFFC6-CB37-4926-B6A0-35D6986D096E}.Debug|Any CPU.ActiveCfg = Debug|Any CPU
		{514BFFC6-CB37-4926-B6A0-35D6986D096E}.Debug|Any CPU.Build.0 = Debug|Any CPU
		{514BFFC6-CB37-4926-B6A0-35D6986D096E}.Debug|ARM.ActiveCfg = Debug|Any CPU
		{514BFFC6-CB37-4926-B6A0-35D6986D096E}.Debug|ARM.Build.0 = Debug|Any CPU
		{514BFFC6-CB37-4926-B6A0-35D6986D096E}.Debug|x64.ActiveCfg = Debug|Any CPU
		{514BFFC6-CB37-4926-B6A0-35D6986D096E}.Debug|x64.Build.0 = Debug|Any CPU
		{514BFFC6-CB37-4926-B6A0-35D6986D096E}.Debug|x86.ActiveCfg = Debug|Any CPU
		{514BFFC6-CB37-4926-B6A0-35D6986D096E}.Debug|x86.Build.0 = Debug|Any CPU
		{514BFFC6-CB37-4926-B6A0-35D6986D096E}.Release|Any CPU.ActiveCfg = Release|Any CPU
		{514BFFC6-CB37-4926-B6A0-35D6986D096E}.Release|Any CPU.Build.0 = Release|Any CPU
		{514BFFC6-CB37-4926-B6A0-35D6986D096E}.Release|ARM.ActiveCfg = Release|Any CPU
		{514BFFC6-CB37-4926-B6A0-35D6986D096E}.Release|ARM.Build.0 = Release|Any CPU
		{514BFFC6-CB37-4926-B6A0-35D6986D096E}.Release|x64.ActiveCfg = Release|Any CPU
		{514BFFC6-CB37-4926-B6A0-35D6986D096E}.Release|x64.Build.0 = Release|Any CPU
		{514BFFC6-CB37-4926-B6A0-35D6986D096E}.Release|x86.ActiveCfg = Release|Any CPU
		{514BFFC6-CB37-4926-B6A0-35D6986D096E}.Release|x86.Build.0 = Release|Any CPU
		{37C1AAD9-1CBE-459C-997D-724D23D5B963}.Debug|Any CPU.ActiveCfg = Debug|Any CPU
		{37C1AAD9-1CBE-459C-997D-724D23D5B963}.Debug|Any CPU.Build.0 = Debug|Any CPU
		{37C1AAD9-1CBE-459C-997D-724D23D5B963}.Debug|ARM.ActiveCfg = Debug|Any CPU
		{37C1AAD9-1CBE-459C-997D-724D23D5B963}.Debug|ARM.Build.0 = Debug|Any CPU
		{37C1AAD9-1CBE-459C-997D-724D23D5B963}.Debug|x64.ActiveCfg = Debug|Any CPU
		{37C1AAD9-1CBE-459C-997D-724D23D5B963}.Debug|x64.Build.0 = Debug|Any CPU
		{37C1AAD9-1CBE-459C-997D-724D23D5B963}.Debug|x86.ActiveCfg = Debug|Any CPU
		{37C1AAD9-1CBE-459C-997D-724D23D5B963}.Debug|x86.Build.0 = Debug|Any CPU
		{37C1AAD9-1CBE-459C-997D-724D23D5B963}.Release|Any CPU.ActiveCfg = Release|Any CPU
		{37C1AAD9-1CBE-459C-997D-724D23D5B963}.Release|Any CPU.Build.0 = Release|Any CPU
		{37C1AAD9-1CBE-459C-997D-724D23D5B963}.Release|ARM.ActiveCfg = Release|Any CPU
		{37C1AAD9-1CBE-459C-997D-724D23D5B963}.Release|ARM.Build.0 = Release|Any CPU
		{37C1AAD9-1CBE-459C-997D-724D23D5B963}.Release|x64.ActiveCfg = Release|Any CPU
		{37C1AAD9-1CBE-459C-997D-724D23D5B963}.Release|x64.Build.0 = Release|Any CPU
		{37C1AAD9-1CBE-459C-997D-724D23D5B963}.Release|x86.ActiveCfg = Release|Any CPU
		{37C1AAD9-1CBE-459C-997D-724D23D5B963}.Release|x86.Build.0 = Release|Any CPU
		{8732E7FB-8F53-470A-A5E5-0A1A66A14139}.Debug|Any CPU.ActiveCfg = Debug|Any CPU
		{8732E7FB-8F53-470A-A5E5-0A1A66A14139}.Debug|Any CPU.Build.0 = Debug|Any CPU
		{8732E7FB-8F53-470A-A5E5-0A1A66A14139}.Debug|ARM.ActiveCfg = Debug|Any CPU
		{8732E7FB-8F53-470A-A5E5-0A1A66A14139}.Debug|ARM.Build.0 = Debug|Any CPU
		{8732E7FB-8F53-470A-A5E5-0A1A66A14139}.Debug|x64.ActiveCfg = Debug|Any CPU
		{8732E7FB-8F53-470A-A5E5-0A1A66A14139}.Debug|x64.Build.0 = Debug|Any CPU
		{8732E7FB-8F53-470A-A5E5-0A1A66A14139}.Debug|x86.ActiveCfg = Debug|Any CPU
		{8732E7FB-8F53-470A-A5E5-0A1A66A14139}.Debug|x86.Build.0 = Debug|Any CPU
		{8732E7FB-8F53-470A-A5E5-0A1A66A14139}.Release|Any CPU.ActiveCfg = Release|Any CPU
		{8732E7FB-8F53-470A-A5E5-0A1A66A14139}.Release|Any CPU.Build.0 = Release|Any CPU
		{8732E7FB-8F53-470A-A5E5-0A1A66A14139}.Release|ARM.ActiveCfg = Release|Any CPU
		{8732E7FB-8F53-470A-A5E5-0A1A66A14139}.Release|ARM.Build.0 = Release|Any CPU
		{8732E7FB-8F53-470A-A5E5-0A1A66A14139}.Release|x64.ActiveCfg = Release|Any CPU
		{8732E7FB-8F53-470A-A5E5-0A1A66A14139}.Release|x64.Build.0 = Release|Any CPU
		{8732E7FB-8F53-470A-A5E5-0A1A66A14139}.Release|x86.ActiveCfg = Release|Any CPU
		{8732E7FB-8F53-470A-A5E5-0A1A66A14139}.Release|x86.Build.0 = Release|Any CPU
		{99B72602-D691-4851-A569-825531BC3336}.Debug|Any CPU.ActiveCfg = Debug|Any CPU
		{99B72602-D691-4851-A569-825531BC3336}.Debug|Any CPU.Build.0 = Debug|Any CPU
		{99B72602-D691-4851-A569-825531BC3336}.Debug|ARM.ActiveCfg = Debug|ARM
		{99B72602-D691-4851-A569-825531BC3336}.Debug|ARM.Build.0 = Debug|ARM
		{99B72602-D691-4851-A569-825531BC3336}.Debug|x64.ActiveCfg = Debug|Any CPU
		{99B72602-D691-4851-A569-825531BC3336}.Debug|x64.Build.0 = Debug|Any CPU
		{99B72602-D691-4851-A569-825531BC3336}.Debug|x86.ActiveCfg = Debug|x86
		{99B72602-D691-4851-A569-825531BC3336}.Debug|x86.Build.0 = Debug|x86
		{99B72602-D691-4851-A569-825531BC3336}.Release|Any CPU.ActiveCfg = Release|Any CPU
		{99B72602-D691-4851-A569-825531BC3336}.Release|Any CPU.Build.0 = Release|Any CPU
		{99B72602-D691-4851-A569-825531BC3336}.Release|ARM.ActiveCfg = Release|ARM
		{99B72602-D691-4851-A569-825531BC3336}.Release|ARM.Build.0 = Release|ARM
		{99B72602-D691-4851-A569-825531BC3336}.Release|x64.ActiveCfg = Release|Any CPU
		{99B72602-D691-4851-A569-825531BC3336}.Release|x64.Build.0 = Release|Any CPU
		{99B72602-D691-4851-A569-825531BC3336}.Release|x86.ActiveCfg = Release|x86
		{99B72602-D691-4851-A569-825531BC3336}.Release|x86.Build.0 = Release|x86
		{641E211C-0783-4069-AC67-2BE5DB324EF8}.Debug|Any CPU.ActiveCfg = Debug|Any CPU
		{641E211C-0783-4069-AC67-2BE5DB324EF8}.Debug|Any CPU.Build.0 = Debug|Any CPU
		{641E211C-0783-4069-AC67-2BE5DB324EF8}.Debug|ARM.ActiveCfg = Debug|ARM
		{641E211C-0783-4069-AC67-2BE5DB324EF8}.Debug|ARM.Build.0 = Debug|ARM
		{641E211C-0783-4069-AC67-2BE5DB324EF8}.Debug|x64.ActiveCfg = Debug|x64
		{641E211C-0783-4069-AC67-2BE5DB324EF8}.Debug|x64.Build.0 = Debug|x64
		{641E211C-0783-4069-AC67-2BE5DB324EF8}.Debug|x86.ActiveCfg = Debug|x86
		{641E211C-0783-4069-AC67-2BE5DB324EF8}.Debug|x86.Build.0 = Debug|x86
		{641E211C-0783-4069-AC67-2BE5DB324EF8}.Release|Any CPU.ActiveCfg = Release|Any CPU
		{641E211C-0783-4069-AC67-2BE5DB324EF8}.Release|Any CPU.Build.0 = Release|Any CPU
		{641E211C-0783-4069-AC67-2BE5DB324EF8}.Release|ARM.ActiveCfg = Release|ARM
		{641E211C-0783-4069-AC67-2BE5DB324EF8}.Release|ARM.Build.0 = Release|ARM
		{641E211C-0783-4069-AC67-2BE5DB324EF8}.Release|x64.ActiveCfg = Release|x64
		{641E211C-0783-4069-AC67-2BE5DB324EF8}.Release|x64.Build.0 = Release|x64
		{641E211C-0783-4069-AC67-2BE5DB324EF8}.Release|x86.ActiveCfg = Release|x86
		{641E211C-0783-4069-AC67-2BE5DB324EF8}.Release|x86.Build.0 = Release|x86
	EndGlobalSection
	GlobalSection(SolutionProperties) = preSolution
		HideSolutionNode = FALSE
	EndGlobalSection
	GlobalSection(NestedProjects) = preSolution
		{3829BB2F-6BEE-4A70-AC06-7B6EEEEA52D2} = {D252CA6F-6381-485E-86F8-DE5CB1B17C66}
		{078227ED-F8CE-494B-8613-34D40652A8F3} = {286A643F-8A22-4A86-94C5-9F94A0D697FA}
		{1D38FF49-10A9-4B6A-AB1F-BE6C29EF8CA9} = {286A643F-8A22-4A86-94C5-9F94A0D697FA}
		{CBDDA56F-A2CE-44A8-A80A-7D3C3C076FB6} = {286A643F-8A22-4A86-94C5-9F94A0D697FA}
		{81E383FE-6183-4913-A376-A51ED70B0B82} = {286A643F-8A22-4A86-94C5-9F94A0D697FA}
		{B4F0B921-A5A4-4243-8CC0-6AD5F7DA62B6} = {286A643F-8A22-4A86-94C5-9F94A0D697FA}
		{89F9064D-D975-47F5-86CE-A29E5894894D} = {FD626AE9-2CC8-42EA-BC75-7D4962B02379}
		{EFFBEA50-9F05-470E-B21B-DC5AEFD296B0} = {286A643F-8A22-4A86-94C5-9F94A0D697FA}
		{9FEF81DD-9F92-4136-BA8B-A147DAEE0C89} = {286A643F-8A22-4A86-94C5-9F94A0D697FA}
		{4B14607D-7282-4E0F-8633-B480DD870657} = {286A643F-8A22-4A86-94C5-9F94A0D697FA}
		{17A4715B-C9E3-46AB-8F65-3AAE04426448} = {FD626AE9-2CC8-42EA-BC75-7D4962B02379}
		{578576E0-D0A5-40B6-BCB0-964CDBB5E691} = {FD626AE9-2CC8-42EA-BC75-7D4962B02379}
		{2077BD51-5EC0-46B8-99D6-B233A96E81A8} = {D252CA6F-6381-485E-86F8-DE5CB1B17C66}
		{5FF37BCE-CC1A-453E-9F8F-4CA9EF70EB06} = {A636E49C-8E08-4B13-8806-88A6401BE1DF}
		{78D5A11A-8988-4E6D-9094-58A29C248BDE} = {A636E49C-8E08-4B13-8806-88A6401BE1DF}
		{70B695EE-E366-4D68-8842-741F31BD244B} = {286A643F-8A22-4A86-94C5-9F94A0D697FA}
		{E737B9EA-A01C-4EFC-9FF0-0AF100C1FC42} = {286A643F-8A22-4A86-94C5-9F94A0D697FA}
		{BA6C37ED-C3BF-4D13-B556-E24AED0B4B67} = {FD626AE9-2CC8-42EA-BC75-7D4962B02379}
		{97FA51B8-44C6-4435-ACBB-B765AB91C5BA} = {FD626AE9-2CC8-42EA-BC75-7D4962B02379}
		{CA2EE672-7D47-46E0-B729-6D8C1C9F96E0} = {FD626AE9-2CC8-42EA-BC75-7D4962B02379}
		{DB1A4AC3-C133-4194-B86B-F45329FDBD41} = {FD626AE9-2CC8-42EA-BC75-7D4962B02379}
		{18C94FD4-F9E9-4810-9FAD-048F10BF4580} = {D252CA6F-6381-485E-86F8-DE5CB1B17C66}
		{C03C7D6F-61EA-48FD-AC98-BB7BD74C493C} = {286A643F-8A22-4A86-94C5-9F94A0D697FA}
		{A1B21887-C170-4572-8925-3917FF4C0C8D} = {286A643F-8A22-4A86-94C5-9F94A0D697FA}
		{FDDBC5DA-6E2E-4F08-AE76-7E2B23EE3466} = {286A643F-8A22-4A86-94C5-9F94A0D697FA}
		{6CA7836D-F2DB-4297-93F1-14C3EDB8AE4F} = {FD626AE9-2CC8-42EA-BC75-7D4962B02379}
		{382E02CA-EA44-448F-89CB-AF5FC3EAD7B3} = {FD626AE9-2CC8-42EA-BC75-7D4962B02379}
		{514BFFC6-CB37-4926-B6A0-35D6986D096E} = {FD626AE9-2CC8-42EA-BC75-7D4962B02379}
		{37C1AAD9-1CBE-459C-997D-724D23D5B963} = {286A643F-8A22-4A86-94C5-9F94A0D697FA}
		{8732E7FB-8F53-470A-A5E5-0A1A66A14139} = {FD626AE9-2CC8-42EA-BC75-7D4962B02379}
		{99B72602-D691-4851-A569-825531BC3336} = {FD626AE9-2CC8-42EA-BC75-7D4962B02379}
		{641E211C-0783-4069-AC67-2BE5DB324EF8} = {FD626AE9-2CC8-42EA-BC75-7D4962B02379}
	EndGlobalSection
EndGlobal
